
Microsoft Visual Studio Solution File, Format Version 12.00
# Visual Studio Version 16
VisualStudioVersion = 16.0.29613.14
MinimumVisualStudioVersion = 10.0.40219.1
Project("{2150E333-8FDC-42A3-9474-1A3956D46DE8}") = "2020-10", "2020-10", "{95488171-E168-4457-8562-E1C74FDA609F}"
EndProject
Project("{9A19103F-16F7-4668-BE54-9A1E7A4F7556}") = "01--LCP19.Autumn leaves collection set", "01--LCP19.Autumn leaves collection set\01--LCP19.Autumn leaves collection set.csproj", "{FCC49EFA-A7F4-4654-9115-440E8AE32E51}"
EndProject
Project("{9A19103F-16F7-4668-BE54-9A1E7A4F7556}") = "02--771. Jewels and Stones", "02--771. Jewels and Stones\02--771. Jewels and Stones.csproj", "{4F60696E-33B4-4489-8D31-B30A103ABD71}"
EndProject
Project("{9A19103F-16F7-4668-BE54-9A1E7A4F7556}") = "07--75. Sort Colors", "07--75. Sort Colors\07--75. Sort Colors.csproj", "{96AEA63C-E78C-4938-9DF5-AB60EFE98C2D}"
EndProject
Project("{9A19103F-16F7-4668-BE54-9A1E7A4F7556}") = "14--1002. Find Common Characters", "14--1002. Find Common Characters\14--1002. Find Common Characters.csproj", "{80F83D05-EC88-4B33-8AEB-EB3CD8D74BA7}"
EndProject
Project("{9A19103F-16F7-4668-BE54-9A1E7A4F7556}") = "15--116. Populating Next Right Pointers in Each Node", "15--116. Populating Next Right Pointers in Each Node\15--116. Populating Next Right Pointers in Each Node.csproj", "{B2E1DA64-A8E0-4FBC-ABA4-7F062079F304}"
EndProject
Project("{9A19103F-16F7-4668-BE54-9A1E7A4F7556}") = "17--52.N Queens II", "18--52.N Queens II\17--52.N Queens II.csproj", "{5CC095C6-D9C6-4ED5-8999-7FF3E6C6917C}"
EndProject
Project("{9A19103F-16F7-4668-BE54-9A1E7A4F7556}") = "18--19. Remove Nth Node From End of List", "18--19. Remove Nth Node From End of List\18--19. Remove Nth Node From End of List.csproj", "{DBFCB429-5DE3-4FB9-8798-42FCC1812AFD}"
EndProject
Project("{9A19103F-16F7-4668-BE54-9A1E7A4F7556}") = "19--844. Backspace String Compare", "19--844. Backspace String Compare\19--844. Backspace String Compare.csproj", "{FD0D976D-C193-457F-B948-966C13456EF0}"
EndProject
Project("{FAE04EC0-301F-11D3-BF4B-00C04F79EFBC}") = "20--143. Reorder List", "20--143. Reorder List\20--143. Reorder List.csproj", "{607FE497-8626-4312-BCCD-108C16C8946A}"
EndProject
Global
	GlobalSection(SolutionConfigurationPlatforms) = preSolution
		Debug|Any CPU = Debug|Any CPU
		Release|Any CPU = Release|Any CPU
	EndGlobalSection
	GlobalSection(ProjectConfigurationPlatforms) = postSolution
		{FCC49EFA-A7F4-4654-9115-440E8AE32E51}.Debug|Any CPU.ActiveCfg = Debug|Any CPU
		{FCC49EFA-A7F4-4654-9115-440E8AE32E51}.Debug|Any CPU.Build.0 = Debug|Any CPU
		{FCC49EFA-A7F4-4654-9115-440E8AE32E51}.Release|Any CPU.ActiveCfg = Release|Any CPU
		{FCC49EFA-A7F4-4654-9115-440E8AE32E51}.Release|Any CPU.Build.0 = Release|Any CPU
		{4F60696E-33B4-4489-8D31-B30A103ABD71}.Debug|Any CPU.ActiveCfg = Debug|Any CPU
		{4F60696E-33B4-4489-8D31-B30A103ABD71}.Debug|Any CPU.Build.0 = Debug|Any CPU
		{4F60696E-33B4-4489-8D31-B30A103ABD71}.Release|Any CPU.ActiveCfg = Release|Any CPU
		{4F60696E-33B4-4489-8D31-B30A103ABD71}.Release|Any CPU.Build.0 = Release|Any CPU
		{96AEA63C-E78C-4938-9DF5-AB60EFE98C2D}.Debug|Any CPU.ActiveCfg = Debug|Any CPU
		{96AEA63C-E78C-4938-9DF5-AB60EFE98C2D}.Debug|Any CPU.Build.0 = Debug|Any CPU
		{96AEA63C-E78C-4938-9DF5-AB60EFE98C2D}.Release|Any CPU.ActiveCfg = Release|Any CPU
		{96AEA63C-E78C-4938-9DF5-AB60EFE98C2D}.Release|Any CPU.Build.0 = Release|Any CPU
		{80F83D05-EC88-4B33-8AEB-EB3CD8D74BA7}.Debug|Any CPU.ActiveCfg = Debug|Any CPU
		{80F83D05-EC88-4B33-8AEB-EB3CD8D74BA7}.Debug|Any CPU.Build.0 = Debug|Any CPU
		{80F83D05-EC88-4B33-8AEB-EB3CD8D74BA7}.Release|Any CPU.ActiveCfg = Release|Any CPU
		{80F83D05-EC88-4B33-8AEB-EB3CD8D74BA7}.Release|Any CPU.Build.0 = Release|Any CPU
		{B2E1DA64-A8E0-4FBC-ABA4-7F062079F304}.Debug|Any CPU.ActiveCfg = Debug|Any CPU
		{B2E1DA64-A8E0-4FBC-ABA4-7F062079F304}.Debug|Any CPU.Build.0 = Debug|Any CPU
		{B2E1DA64-A8E0-4FBC-ABA4-7F062079F304}.Release|Any CPU.ActiveCfg = Release|Any CPU
		{B2E1DA64-A8E0-4FBC-ABA4-7F062079F304}.Release|Any CPU.Build.0 = Release|Any CPU
		{5CC095C6-D9C6-4ED5-8999-7FF3E6C6917C}.Debug|Any CPU.ActiveCfg = Debug|Any CPU
		{5CC095C6-D9C6-4ED5-8999-7FF3E6C6917C}.Debug|Any CPU.Build.0 = Debug|Any CPU
		{5CC095C6-D9C6-4ED5-8999-7FF3E6C6917C}.Release|Any CPU.ActiveCfg = Release|Any CPU
		{5CC095C6-D9C6-4ED5-8999-7FF3E6C6917C}.Release|Any CPU.Build.0 = Release|Any CPU
		{DBFCB429-5DE3-4FB9-8798-42FCC1812AFD}.Debug|Any CPU.ActiveCfg = Debug|Any CPU
		{DBFCB429-5DE3-4FB9-8798-42FCC1812AFD}.Debug|Any CPU.Build.0 = Debug|Any CPU
		{DBFCB429-5DE3-4FB9-8798-42FCC1812AFD}.Release|Any CPU.ActiveCfg = Release|Any CPU
		{DBFCB429-5DE3-4FB9-8798-42FCC1812AFD}.Release|Any CPU.Build.0 = Release|Any CPU
		{FD0D976D-C193-457F-B948-966C13456EF0}.Debug|Any CPU.ActiveCfg = Debug|Any CPU
		{FD0D976D-C193-457F-B948-966C13456EF0}.Debug|Any CPU.Build.0 = Debug|Any CPU
		{FD0D976D-C193-457F-B948-966C13456EF0}.Release|Any CPU.ActiveCfg = Release|Any CPU
		{FD0D976D-C193-457F-B948-966C13456EF0}.Release|Any CPU.Build.0 = Release|Any CPU
		{607FE497-8626-4312-BCCD-108C16C8946A}.Debug|Any CPU.ActiveCfg = Debug|Any CPU
		{607FE497-8626-4312-BCCD-108C16C8946A}.Debug|Any CPU.Build.0 = Debug|Any CPU
		{607FE497-8626-4312-BCCD-108C16C8946A}.Release|Any CPU.ActiveCfg = Release|Any CPU
		{607FE497-8626-4312-BCCD-108C16C8946A}.Release|Any CPU.Build.0 = Release|Any CPU
	EndGlobalSection
	GlobalSection(SolutionProperties) = preSolution
		HideSolutionNode = FALSE
	EndGlobalSection
	GlobalSection(NestedProjects) = preSolution
		{FCC49EFA-A7F4-4654-9115-440E8AE32E51} = {95488171-E168-4457-8562-E1C74FDA609F}
		{4F60696E-33B4-4489-8D31-B30A103ABD71} = {95488171-E168-4457-8562-E1C74FDA609F}
		{96AEA63C-E78C-4938-9DF5-AB60EFE98C2D} = {95488171-E168-4457-8562-E1C74FDA609F}
		{80F83D05-EC88-4B33-8AEB-EB3CD8D74BA7} = {95488171-E168-4457-8562-E1C74FDA609F}
		{B2E1DA64-A8E0-4FBC-ABA4-7F062079F304} = {95488171-E168-4457-8562-E1C74FDA609F}
		{5CC095C6-D9C6-4ED5-8999-7FF3E6C6917C} = {95488171-E168-4457-8562-E1C74FDA609F}
		{DBFCB429-5DE3-4FB9-8798-42FCC1812AFD} = {95488171-E168-4457-8562-E1C74FDA609F}
		{FD0D976D-C193-457F-B948-966C13456EF0} = {95488171-E168-4457-8562-E1C74FDA609F}
		{607FE497-8626-4312-BCCD-108C16C8946A} = {95488171-E168-4457-8562-E1C74FDA609F}
	EndGlobalSection
	GlobalSection(ExtensibilityGlobals) = postSolution
		SolutionGuid = {EAEA1DDA-154E-45D5-BED2-C59D0FEB0A2C}
	EndGlobalSection
EndGlobal
