
Microsoft Visual Studio Solution File, Format Version 12.00
# Visual Studio Version 16
VisualStudioVersion = 16.0.29613.14
MinimumVisualStudioVersion = 10.0.40219.1
Project("{2150E333-8FDC-42A3-9474-1A3956D46DE8}") = "2020-7", "2020-7", "{E949464A-CB7C-4B90-B965-14A8E2B62181}"
EndProject
Project("{9A19103F-16F7-4668-BE54-9A1E7A4F7556}") = "112.PathSum", "112.PathSum\112.PathSum.csproj", "{4B1DF897-6A54-47FF-BCE0-11E34136273F}"
EndProject
Project("{9A19103F-16F7-4668-BE54-9A1E7A4F7556}") = "IV16.11.Diving Board", "IV16.11.Diving Board\IV16.11.Diving Board.csproj", "{B04F6DEF-1C5F-4034-B5DC-5AECFBB6E547}"
EndProject
Project("{9A19103F-16F7-4668-BE54-9A1E7A4F7556}") = "IV17.13.Re-Space", "IV17.13.Re-Space\IV17.13.Re-Space.csproj", "{3745CEBA-1DF4-493E-B530-042D7ACA559F}"
EndProject
Project("{9A19103F-16F7-4668-BE54-9A1E7A4F7556}") = "315.Count of smaller numbers after self", "315.Count of smaller numbers after self\315.Count of smaller numbers after self.csproj", "{59A21A43-95F9-4F7B-88CF-DA45ABFA45EF}"
EndProject
Project("{9A19103F-16F7-4668-BE54-9A1E7A4F7556}") = "120. Triangle", "120. Triangle\120. Triangle.csproj", "{12F5D1B0-70B5-4863-9C00-503F27D78DE4}"
EndProject
Project("{9A19103F-16F7-4668-BE54-9A1E7A4F7556}") = "96. Unique Binary Search Trees", "96. Unique Binary Search Trees\96. Unique Binary Search Trees.csproj", "{95185DFE-334D-4782-8607-FE9D92153B09}"
EndProject
Project("{9A19103F-16F7-4668-BE54-9A1E7A4F7556}") = "785. Is Graph Bipartite", "785. Is Graph Bipartite\785. Is Graph Bipartite.csproj", "{A63EF93F-4B7C-4F78-B44D-A426A44C313F}"
EndProject
Project("{9A19103F-16F7-4668-BE54-9A1E7A4F7556}") = "35. Search Insert Position", "35. Search Insert Position\35. Search Insert Position.csproj", "{206E0D47-6DF6-4593-992D-9746B4E6DA66}"
EndProject
Project("{FAE04EC0-301F-11D3-BF4B-00C04F79EFBC}") = "97.Interleaving String", "97.Interleaving String\97.Interleaving String.csproj", "{241D72DD-4713-4FDF-84B9-17A23156F971}"
EndProject
Global
	GlobalSection(SolutionConfigurationPlatforms) = preSolution
		Debug|Any CPU = Debug|Any CPU
		Release|Any CPU = Release|Any CPU
	EndGlobalSection
	GlobalSection(ProjectConfigurationPlatforms) = postSolution
		{4B1DF897-6A54-47FF-BCE0-11E34136273F}.Debug|Any CPU.ActiveCfg = Debug|Any CPU
		{4B1DF897-6A54-47FF-BCE0-11E34136273F}.Debug|Any CPU.Build.0 = Debug|Any CPU
		{4B1DF897-6A54-47FF-BCE0-11E34136273F}.Release|Any CPU.ActiveCfg = Release|Any CPU
		{4B1DF897-6A54-47FF-BCE0-11E34136273F}.Release|Any CPU.Build.0 = Release|Any CPU
		{B04F6DEF-1C5F-4034-B5DC-5AECFBB6E547}.Debug|Any CPU.ActiveCfg = Debug|Any CPU
		{B04F6DEF-1C5F-4034-B5DC-5AECFBB6E547}.Debug|Any CPU.Build.0 = Debug|Any CPU
		{B04F6DEF-1C5F-4034-B5DC-5AECFBB6E547}.Release|Any CPU.ActiveCfg = Release|Any CPU
		{B04F6DEF-1C5F-4034-B5DC-5AECFBB6E547}.Release|Any CPU.Build.0 = Release|Any CPU
		{3745CEBA-1DF4-493E-B530-042D7ACA559F}.Debug|Any CPU.ActiveCfg = Debug|Any CPU
		{3745CEBA-1DF4-493E-B530-042D7ACA559F}.Debug|Any CPU.Build.0 = Debug|Any CPU
		{3745CEBA-1DF4-493E-B530-042D7ACA559F}.Release|Any CPU.ActiveCfg = Release|Any CPU
		{3745CEBA-1DF4-493E-B530-042D7ACA559F}.Release|Any CPU.Build.0 = Release|Any CPU
		{59A21A43-95F9-4F7B-88CF-DA45ABFA45EF}.Debug|Any CPU.ActiveCfg = Debug|Any CPU
		{59A21A43-95F9-4F7B-88CF-DA45ABFA45EF}.Debug|Any CPU.Build.0 = Debug|Any CPU
		{59A21A43-95F9-4F7B-88CF-DA45ABFA45EF}.Release|Any CPU.ActiveCfg = Release|Any CPU
		{59A21A43-95F9-4F7B-88CF-DA45ABFA45EF}.Release|Any CPU.Build.0 = Release|Any CPU
		{12F5D1B0-70B5-4863-9C00-503F27D78DE4}.Debug|Any CPU.ActiveCfg = Debug|Any CPU
		{12F5D1B0-70B5-4863-9C00-503F27D78DE4}.Debug|Any CPU.Build.0 = Debug|Any CPU
		{12F5D1B0-70B5-4863-9C00-503F27D78DE4}.Release|Any CPU.ActiveCfg = Release|Any CPU
		{12F5D1B0-70B5-4863-9C00-503F27D78DE4}.Release|Any CPU.Build.0 = Release|Any CPU
		{95185DFE-334D-4782-8607-FE9D92153B09}.Debug|Any CPU.ActiveCfg = Debug|Any CPU
		{95185DFE-334D-4782-8607-FE9D92153B09}.Debug|Any CPU.Build.0 = Debug|Any CPU
		{95185DFE-334D-4782-8607-FE9D92153B09}.Release|Any CPU.ActiveCfg = Release|Any CPU
		{95185DFE-334D-4782-8607-FE9D92153B09}.Release|Any CPU.Build.0 = Release|Any CPU
		{A63EF93F-4B7C-4F78-B44D-A426A44C313F}.Debug|Any CPU.ActiveCfg = Debug|Any CPU
		{A63EF93F-4B7C-4F78-B44D-A426A44C313F}.Debug|Any CPU.Build.0 = Debug|Any CPU
		{A63EF93F-4B7C-4F78-B44D-A426A44C313F}.Release|Any CPU.ActiveCfg = Release|Any CPU
		{A63EF93F-4B7C-4F78-B44D-A426A44C313F}.Release|Any CPU.Build.0 = Release|Any CPU
		{206E0D47-6DF6-4593-992D-9746B4E6DA66}.Debug|Any CPU.ActiveCfg = Debug|Any CPU
		{206E0D47-6DF6-4593-992D-9746B4E6DA66}.Debug|Any CPU.Build.0 = Debug|Any CPU
		{206E0D47-6DF6-4593-992D-9746B4E6DA66}.Release|Any CPU.ActiveCfg = Release|Any CPU
		{206E0D47-6DF6-4593-992D-9746B4E6DA66}.Release|Any CPU.Build.0 = Release|Any CPU
		{241D72DD-4713-4FDF-84B9-17A23156F971}.Debug|Any CPU.ActiveCfg = Debug|Any CPU
		{241D72DD-4713-4FDF-84B9-17A23156F971}.Debug|Any CPU.Build.0 = Debug|Any CPU
		{241D72DD-4713-4FDF-84B9-17A23156F971}.Release|Any CPU.ActiveCfg = Release|Any CPU
		{241D72DD-4713-4FDF-84B9-17A23156F971}.Release|Any CPU.Build.0 = Release|Any CPU
	EndGlobalSection
	GlobalSection(SolutionProperties) = preSolution
		HideSolutionNode = FALSE
	EndGlobalSection
	GlobalSection(NestedProjects) = preSolution
		{4B1DF897-6A54-47FF-BCE0-11E34136273F} = {E949464A-CB7C-4B90-B965-14A8E2B62181}
		{B04F6DEF-1C5F-4034-B5DC-5AECFBB6E547} = {E949464A-CB7C-4B90-B965-14A8E2B62181}
		{3745CEBA-1DF4-493E-B530-042D7ACA559F} = {E949464A-CB7C-4B90-B965-14A8E2B62181}
		{59A21A43-95F9-4F7B-88CF-DA45ABFA45EF} = {E949464A-CB7C-4B90-B965-14A8E2B62181}
		{12F5D1B0-70B5-4863-9C00-503F27D78DE4} = {E949464A-CB7C-4B90-B965-14A8E2B62181}
		{95185DFE-334D-4782-8607-FE9D92153B09} = {E949464A-CB7C-4B90-B965-14A8E2B62181}
		{A63EF93F-4B7C-4F78-B44D-A426A44C313F} = {E949464A-CB7C-4B90-B965-14A8E2B62181}
		{206E0D47-6DF6-4593-992D-9746B4E6DA66} = {E949464A-CB7C-4B90-B965-14A8E2B62181}
		{241D72DD-4713-4FDF-84B9-17A23156F971} = {E949464A-CB7C-4B90-B965-14A8E2B62181}
	EndGlobalSection
	GlobalSection(ExtensibilityGlobals) = postSolution
		SolutionGuid = {EAEA1DDA-154E-45D5-BED2-C59D0FEB0A2C}
	EndGlobalSection
EndGlobal
