
Microsoft Visual Studio Solution File, Format Version 12.00
# Visual Studio Version 16
VisualStudioVersion = 16.0.29911.84
MinimumVisualStudioVersion = 10.0.40219.1
Project("{2150E333-8FDC-42A3-9474-1A3956D46DE8}") = "226", "226", "{4458202D-A79E-4C26-911C-B19B8E95BA99}"
EndProject
Project("{FAE04EC0-301F-11D3-BF4B-00C04F79EFBC}") = "226-2", "226-2\226-2.csproj", "{C99B4811-50AA-43C6-A731-6D06F5FC13D8}"
EndProject
Global
	GlobalSection(SolutionConfigurationPlatforms) = preSolution
		Debug|Any CPU = Debug|Any CPU
		Release|Any CPU = Release|Any CPU
	EndGlobalSection
	GlobalSection(ProjectConfigurationPlatforms) = postSolution
		{C99B4811-50AA-43C6-A731-6D06F5FC13D8}.Debug|Any CPU.ActiveCfg = Debug|Any CPU
		{C99B4811-50AA-43C6-A731-6D06F5FC13D8}.Debug|Any CPU.Build.0 = Debug|Any CPU
		{C99B4811-50AA-43C6-A731-6D06F5FC13D8}.Release|Any CPU.ActiveCfg = Release|Any CPU
		{C99B4811-50AA-43C6-A731-6D06F5FC13D8}.Release|Any CPU.Build.0 = Release|Any CPU
	EndGlobalSection
	GlobalSection(SolutionProperties) = preSolution
		HideSolutionNode = FALSE
	EndGlobalSection
	GlobalSection(NestedProjects) = preSolution
		{C99B4811-50AA-43C6-A731-6D06F5FC13D8} = {4458202D-A79E-4C26-911C-B19B8E95BA99}
	EndGlobalSection
	GlobalSection(ExtensibilityGlobals) = postSolution
		SolutionGuid = {F43DBED3-F442-4F8D-BB6C-C87BF5BA164B}
	EndGlobalSection
EndGlobal
