
Microsoft Visual Studio Solution File, Format Version 12.00
# Visual Studio Version 16
VisualStudioVersion = 16.0.29911.84
MinimumVisualStudioVersion = 10.0.40219.1
Project("{2150E333-8FDC-42A3-9474-1A3956D46DE8}") = "241", "241", "{A475429C-85D0-4803-BA74-EF2CDF0C2570}"
EndProject
Project("{FAE04EC0-301F-11D3-BF4B-00C04F79EFBC}") = "241-2", "241-2\241-2.csproj", "{E03EB55D-D188-4CF0-BDBF-1390B34A86D2}"
EndProject
Global
	GlobalSection(SolutionConfigurationPlatforms) = preSolution
		Debug|Any CPU = Debug|Any CPU
		Release|Any CPU = Release|Any CPU
	EndGlobalSection
	GlobalSection(ProjectConfigurationPlatforms) = postSolution
		{E03EB55D-D188-4CF0-BDBF-1390B34A86D2}.Debug|Any CPU.ActiveCfg = Debug|Any CPU
		{E03EB55D-D188-4CF0-BDBF-1390B34A86D2}.Debug|Any CPU.Build.0 = Debug|Any CPU
		{E03EB55D-D188-4CF0-BDBF-1390B34A86D2}.Release|Any CPU.ActiveCfg = Release|Any CPU
		{E03EB55D-D188-4CF0-BDBF-1390B34A86D2}.Release|Any CPU.Build.0 = Release|Any CPU
	EndGlobalSection
	GlobalSection(SolutionProperties) = preSolution
		HideSolutionNode = FALSE
	EndGlobalSection
	GlobalSection(NestedProjects) = preSolution
		{E03EB55D-D188-4CF0-BDBF-1390B34A86D2} = {A475429C-85D0-4803-BA74-EF2CDF0C2570}
	EndGlobalSection
	GlobalSection(ExtensibilityGlobals) = postSolution
		SolutionGuid = {F43DBED3-F442-4F8D-BB6C-C87BF5BA164B}
	EndGlobalSection
EndGlobal
