
Microsoft Visual Studio Solution File, Format Version 12.00
# Visual Studio Version 16
VisualStudioVersion = 16.0.30002.166
MinimumVisualStudioVersion = 10.0.40219.1
Project("{9A19103F-16F7-4668-BE54-9A1E7A4F7556}") = "LeetCode", "LeetCode\LeetCode.csproj", "{826964DB-0E38-4332-9118-6F29EBF717BC}"
EndProject
Project("{2150E333-8FDC-42A3-9474-1A3956D46DE8}") = "Greedy Algorithm", "Greedy Algorithm", "{FBD63D2E-13AD-4CFE-9E6C-400835ECE263}"
EndProject
Project("{2150E333-8FDC-42A3-9474-1A3956D46DE8}") = "Divid And Conquer Algorithm", "Divid And Conquer Algorithm", "{CBB6222F-D57E-40D0-92FF-19D6326322C5}"
EndProject
Project("{2150E333-8FDC-42A3-9474-1A3956D46DE8}") = "Dynamic Programming", "Dynamic Programming", "{3938231A-58EE-4039-8862-BD56A6B8E9A3}"
EndProject
Project("{9A19103F-16F7-4668-BE54-9A1E7A4F7556}") = "903ValidPermutationsForDISequence", "EffectiveArrangementOfDISequences\903ValidPermutationsForDISequence.csproj", "{32C69EFE-B336-4C61-8835-890310982EDC}"
EndProject
Project("{9A19103F-16F7-4668-BE54-9A1E7A4F7556}") = "4MedianOfTwoSortedArrays", "MedianOfTwoSortedArrays\4MedianOfTwoSortedArrays.csproj", "{F684C0FA-8280-4171-ACD0-AB155EF394AB}"
EndProject
Project("{9A19103F-16F7-4668-BE54-9A1E7A4F7556}") = "169MajorityElement", "MajorityElement\169MajorityElement.csproj", "{0D111DD8-C56A-4FDD-839B-CF954089EC7C}"
EndProject
Project("{9A19103F-16F7-4668-BE54-9A1E7A4F7556}") = "215KthLargestElementInAnArray", "KthLargestElementInAnArray\215KthLargestElementInAnArray.csproj", "{81BF69B8-7E60-4358-A037-75C911FEDFB6}"
EndProject
Project("{9A19103F-16F7-4668-BE54-9A1E7A4F7556}") = "240SearchA2DMatrixII", "SearchA2DMatrixII\240SearchA2DMatrixII.csproj", "{8551BE1F-1B2F-4AC5-AD4C-FFA71392AF28}"
EndProject
Project("{9A19103F-16F7-4668-BE54-9A1E7A4F7556}") = "241DifferentWaysToAddParentheses", "DifferentWaysToAddParentheses\241DifferentWaysToAddParentheses.csproj", "{7B795A11-AF04-4260-88F4-977109E281C2}"
EndProject
Project("{9A19103F-16F7-4668-BE54-9A1E7A4F7556}") = "973K Closest Points to Origin", "K Closest Points to Origin\973K Closest Points to Origin.csproj", "{F03A3C56-79D8-4A7B-B6A7-ECCCFDDB6752}"
EndProject
Project("{2150E333-8FDC-42A3-9474-1A3956D46DE8}") = "Sort", "Sort", "{67AC4B99-CF2B-44C1-A999-000BC0CA4FE3}"
EndProject
Project("{9A19103F-16F7-4668-BE54-9A1E7A4F7556}") = "853、Car Fleet", "853、Car Fleet\853、Car Fleet.csproj", "{7F254217-7FF0-4877-A1BA-584647DC64CA}"
EndProject
Project("{9A19103F-16F7-4668-BE54-9A1E7A4F7556}") = "179、LargestNumber", "179、LargestNumber\179、LargestNumber.csproj", "{4BB98503-C566-4E48-8303-D554A331825A}"
EndProject
Project("{9A19103F-16F7-4668-BE54-9A1E7A4F7556}") = "148、SortList", "148、SortList\148、SortList.csproj", "{4438CE50-BA25-4D6C-B999-EE9A831FFD67}"
EndProject
Project("{9A19103F-16F7-4668-BE54-9A1E7A4F7556}") = "56 MergeIntervals", "56 MergeIntervals\56 MergeIntervals.csproj", "{0A1FE1B7-7A98-4773-BC17-E7EB1A2B605D}"
EndProject
Project("{9A19103F-16F7-4668-BE54-9A1E7A4F7556}") = "327.CountOfRangeSum", "327.CountOfRangeSum\327.CountOfRangeSum.csproj", "{DB12F953-5142-4324-9487-49C2FE2B4057}"
EndProject
Project("{9A19103F-16F7-4668-BE54-9A1E7A4F7556}") = "57.InsertInterval", "57.InsertInterval\57.InsertInterval.csproj", "{25895ADD-A8D9-4F23-BB4F-EC1FEB06DFB1}"
EndProject
Project("{9A19103F-16F7-4668-BE54-9A1E7A4F7556}") = "1122.RelativeSortArray", "1122.RelativeSortArray\1122.RelativeSortArray.csproj", "{2506D8BA-9974-47DF-8A38-ED4468E6E74C}"
EndProject
Project("{9A19103F-16F7-4668-BE54-9A1E7A4F7556}") = "164.MaximumGap", "164.MaximumGap\164.MaximumGap.csproj", "{F79F2515-FCEE-48C0-935D-141D3C2B1465}"
EndProject
Project("{9A19103F-16F7-4668-BE54-9A1E7A4F7556}") = "493.ReversePairs", "493.ReversePairs\493.ReversePairs.csproj", "{48617F5A-ECDB-4FF7-BE11-0E973A2B3243}"
EndProject
Project("{2150E333-8FDC-42A3-9474-1A3956D46DE8}") = "DataStruct", "DataStruct", "{1A05B72D-67A7-4B13-AAAF-A76272BA20C6}"
EndProject
Project("{2150E333-8FDC-42A3-9474-1A3956D46DE8}") = "Tree", "Tree", "{2A0F0B5C-06A0-43EC-BD83-DDDD9E78D37D}"
EndProject
Project("{9A19103F-16F7-4668-BE54-9A1E7A4F7556}") = "199.BinaryTreeRightSideView", "199.BinaryTreeRightSideView\199.BinaryTreeRightSideView.csproj", "{9E543BC6-2EC0-4F69-97EB-D71AB2F74FF8}"
EndProject
Project("{9A19103F-16F7-4668-BE54-9A1E7A4F7556}") = "DataStructLibrary", "TreeStructLibrary\DataStructLibrary.csproj", "{B820AD18-1BC6-42DB-A027-1B0339EA2A17}"
EndProject
Project("{9A19103F-16F7-4668-BE54-9A1E7A4F7556}") = "834.Sum of distances in tree", "834.Sum of distances in tree\834.Sum of distances in tree.csproj", "{C54E205E-AA1E-40D0-BD69-7BA65E434FA6}"
EndProject
Project("{9A19103F-16F7-4668-BE54-9A1E7A4F7556}") = "449. Serialize and Deserialize BST", "449. Serialize and Deserialize BST\449. Serialize and Deserialize BST.csproj", "{ABAD5867-A243-4560-B32A-62D118DAED27}"
EndProject
Project("{9A19103F-16F7-4668-BE54-9A1E7A4F7556}") = "226. Invert Binary Tree", "226. Invert Binary Tree\226. Invert Binary Tree.csproj", "{5996B608-144A-4C40-AC8F-93223A6EC3C3}"
EndProject
Project("{9A19103F-16F7-4668-BE54-9A1E7A4F7556}") = "863. All Nodes Distance K in Binary Tree", "863. All Nodes Distance K in Binary Tree\863. All Nodes Distance K in Binary Tree.csproj", "{64128CFC-D18B-414C-B795-39F6F3EE7E0C}"
EndProject
Project("{9A19103F-16F7-4668-BE54-9A1E7A4F7556}") = "297.Serialize and Deserialize Binary Tree", "297.Serialize and Deserialize Binary Tree\297.Serialize and Deserialize Binary Tree.csproj", "{F26B63CD-9D58-459B-AAFF-8DC92E29F48F}"
EndProject
Project("{9A19103F-16F7-4668-BE54-9A1E7A4F7556}") = "889. Construct Binary Tree from Preorder and Postorder Travers", "889. Construct Binary Tree from Preorder and Postorder Travers\889. Construct Binary Tree from Preorder and Postorder Travers.csproj", "{74D8CF63-738B-4330-B13E-4E3037C4EE91}"
EndProject
Project("{9A19103F-16F7-4668-BE54-9A1E7A4F7556}") = "543. Diameter of Binary Tree", "543. Diameter of Binary Tree\543. Diameter of Binary Tree.csproj", "{D64C32E1-6337-4DF9-BB7B-5541F081E14E}"
EndProject
Project("{9A19103F-16F7-4668-BE54-9A1E7A4F7556}") = "IV07.Rebuild Binary Tree", "IV07.Rebuild Binary Tree\IV07.Rebuild Binary Tree.csproj", "{780FA71E-0F1C-44D8-AD6D-9A15064EA270}"
EndProject
Project("{9A19103F-16F7-4668-BE54-9A1E7A4F7556}") = "IV26.Child Structure of Tree", "IV26.Child Structure of Tree\IV26.Child Structure of Tree.csproj", "{D163B69F-31B2-4BD2-9E5D-E1541EE38528}"
EndProject
Project("{9A19103F-16F7-4668-BE54-9A1E7A4F7556}") = "IV37.Serialize Binary Tree", "IV37.Serialize Binary Tree\IV37.Serialize Binary Tree.csproj", "{7493D2E0-7F13-4F67-9174-BFD2397C84C2}"
EndProject
Project("{9A19103F-16F7-4668-BE54-9A1E7A4F7556}") = "IV28.Symmetric binary tree", "IV28.Symmetric binary tree\IV28.Symmetric binary tree.csproj", "{50E6FCD1-9663-4000-A696-E4CA6D02BDAA}"
EndProject
Project("{9A19103F-16F7-4668-BE54-9A1E7A4F7556}") = "IV32-I.Print binary tree from top to bottom", "IV32-I.Print binary tree from top to bottom\IV32-I.Print binary tree from top to bottom.csproj", "{81FCDF8B-C3D9-4FAC-8F83-AB716B55590D}"
EndProject
Project("{9A19103F-16F7-4668-BE54-9A1E7A4F7556}") = "IV32-III.Print binary tree from top to bottom", "IV32-III.Print binary tree from top to bottom\IV32-III.Print binary tree from top to bottom.csproj", "{DE8DDA9A-21CA-4F99-AB55-DB058279363B}"
EndProject
Project("{9A19103F-16F7-4668-BE54-9A1E7A4F7556}") = "IV32-II.Print binary tree from top to bottom", "IV32-II.Print binary tree from top to bottom\IV32-II.Print binary tree from top to bottom.csproj", "{752C55B2-7E69-4D1A-843D-CE93E4A0F9DE}"
EndProject
Project("{9A19103F-16F7-4668-BE54-9A1E7A4F7556}") = "IV27.Mirror of the binary tree", "IV27.Mirror of the binary tree\IV27.Mirror of the binary tree.csproj", "{A5B1842D-9357-450F-A752-6953BF46DD60}"
EndProject
Project("{9A19103F-16F7-4668-BE54-9A1E7A4F7556}") = "IV55-I.The depth of the binary tree", "IV55-I.The depth of the binary tree\IV55-I.The depth of the binary tree.csproj", "{DC50CCD9-3B1F-46F1-B357-E2400BFD95A6}"
EndProject
Project("{9A19103F-16F7-4668-BE54-9A1E7A4F7556}") = "IV68-II.The nearest public ancestor of the binary tree", "IV68-II.The nearest public ancestor of the binary tree\IV68-II.The nearest public ancestor of the binary tree.csproj", "{F0E42A12-222A-423C-A9E0-AD83A469E036}"
EndProject
Project("{9A19103F-16F7-4668-BE54-9A1E7A4F7556}") = "IV55-II.Balance binary tree", "IV55-II.Balance binary tree\IV55-II.Balance binary tree.csproj", "{FBDD31BA-20E2-4B3B-B3EA-712B95EB9480}"
EndProject
Project("{9A19103F-16F7-4668-BE54-9A1E7A4F7556}") = "IV34.Binary tree path with a certain value", "IV34.Binary tree path with a certain value\IV34.Binary tree path with a certain value.csproj", "{3EA70095-1D1B-4EE4-8356-20C04B9DB3BC}"
EndProject
Project("{9A19103F-16F7-4668-BE54-9A1E7A4F7556}") = "IV54.The k-th largest node of the binary search tree", "IV54.The k-th largest node of the binary search tree\IV54.The k-th largest node of the binary search tree.csproj", "{13A95BB1-EE58-4BB9-9F7E-4E73ABACD8BA}"
EndProject
Project("{9A19103F-16F7-4668-BE54-9A1E7A4F7556}") = "IV68-I.The nearest common ancestor of the binary search tree", "IV68-I.The nearest common ancestor of the binary search tree\IV68-I.The nearest common ancestor of the binary search tree.csproj", "{4EE42DB1-51A2-49F9-83EA-147916805FA4}"
EndProject
Project("{9A19103F-16F7-4668-BE54-9A1E7A4F7556}") = "IV42.Maximum sum of consecutive subarrays", "IV42.Maximum sum of consecutive subarrays\IV42.Maximum sum of consecutive subarrays.csproj", "{66181C33-26E4-4A26-BC27-6603751F5B6A}"
EndProject
Project("{9A19103F-16F7-4668-BE54-9A1E7A4F7556}") = "IV12.Paths in the matrix", "IV12.Paths in the matrix\IV12.Paths in the matrix.csproj", "{BF96C118-CBB2-4134-B1B0-83D3A4EDEE65}"
EndProject
Project("{9A19103F-16F7-4668-BE54-9A1E7A4F7556}") = "IV14-1.Cut rope", "IV14-1.Cut rope\IV14-1.Cut rope.csproj", "{AF1B3032-85E0-40C6-8AD8-9C2078FF671B}"
EndProject
Project("{9A19103F-16F7-4668-BE54-9A1E7A4F7556}") = "IV47.The max value of gifts", "IV47.The max value of gifts\IV47.The max value of gifts.csproj", "{8F088F24-3B1A-4B2A-9EDF-6F34D14CED92}"
EndProject
Project("{FAE04EC0-301F-11D3-BF4B-00C04F79EFBC}") = "IV62.Stock maximum profit", "IV62.Stock maximum profit\IV62.Stock maximum profit.csproj", "{C1898A1D-D5AF-424A-8069-5195495B5E6F}"
EndProject
Global
	GlobalSection(SolutionConfigurationPlatforms) = preSolution
		Debug|Any CPU = Debug|Any CPU
		Debug|x86 = Debug|x86
		Release|Any CPU = Release|Any CPU
		Release|x86 = Release|x86
	EndGlobalSection
	GlobalSection(ProjectConfigurationPlatforms) = postSolution
		{826964DB-0E38-4332-9118-6F29EBF717BC}.Debug|Any CPU.ActiveCfg = Debug|Any CPU
		{826964DB-0E38-4332-9118-6F29EBF717BC}.Debug|Any CPU.Build.0 = Debug|Any CPU
		{826964DB-0E38-4332-9118-6F29EBF717BC}.Debug|x86.ActiveCfg = Debug|x86
		{826964DB-0E38-4332-9118-6F29EBF717BC}.Debug|x86.Build.0 = Debug|x86
		{826964DB-0E38-4332-9118-6F29EBF717BC}.Release|Any CPU.ActiveCfg = Release|Any CPU
		{826964DB-0E38-4332-9118-6F29EBF717BC}.Release|Any CPU.Build.0 = Release|Any CPU
		{826964DB-0E38-4332-9118-6F29EBF717BC}.Release|x86.ActiveCfg = Release|x86
		{826964DB-0E38-4332-9118-6F29EBF717BC}.Release|x86.Build.0 = Release|x86
		{32C69EFE-B336-4C61-8835-890310982EDC}.Debug|Any CPU.ActiveCfg = Debug|Any CPU
		{32C69EFE-B336-4C61-8835-890310982EDC}.Debug|Any CPU.Build.0 = Debug|Any CPU
		{32C69EFE-B336-4C61-8835-890310982EDC}.Debug|x86.ActiveCfg = Debug|x86
		{32C69EFE-B336-4C61-8835-890310982EDC}.Debug|x86.Build.0 = Debug|x86
		{32C69EFE-B336-4C61-8835-890310982EDC}.Release|Any CPU.ActiveCfg = Release|Any CPU
		{32C69EFE-B336-4C61-8835-890310982EDC}.Release|Any CPU.Build.0 = Release|Any CPU
		{32C69EFE-B336-4C61-8835-890310982EDC}.Release|x86.ActiveCfg = Release|x86
		{32C69EFE-B336-4C61-8835-890310982EDC}.Release|x86.Build.0 = Release|x86
		{F684C0FA-8280-4171-ACD0-AB155EF394AB}.Debug|Any CPU.ActiveCfg = Debug|Any CPU
		{F684C0FA-8280-4171-ACD0-AB155EF394AB}.Debug|Any CPU.Build.0 = Debug|Any CPU
		{F684C0FA-8280-4171-ACD0-AB155EF394AB}.Debug|x86.ActiveCfg = Debug|x86
		{F684C0FA-8280-4171-ACD0-AB155EF394AB}.Debug|x86.Build.0 = Debug|x86
		{F684C0FA-8280-4171-ACD0-AB155EF394AB}.Release|Any CPU.ActiveCfg = Release|Any CPU
		{F684C0FA-8280-4171-ACD0-AB155EF394AB}.Release|Any CPU.Build.0 = Release|Any CPU
		{F684C0FA-8280-4171-ACD0-AB155EF394AB}.Release|x86.ActiveCfg = Release|x86
		{F684C0FA-8280-4171-ACD0-AB155EF394AB}.Release|x86.Build.0 = Release|x86
		{0D111DD8-C56A-4FDD-839B-CF954089EC7C}.Debug|Any CPU.ActiveCfg = Debug|Any CPU
		{0D111DD8-C56A-4FDD-839B-CF954089EC7C}.Debug|Any CPU.Build.0 = Debug|Any CPU
		{0D111DD8-C56A-4FDD-839B-CF954089EC7C}.Debug|x86.ActiveCfg = Debug|x86
		{0D111DD8-C56A-4FDD-839B-CF954089EC7C}.Debug|x86.Build.0 = Debug|x86
		{0D111DD8-C56A-4FDD-839B-CF954089EC7C}.Release|Any CPU.ActiveCfg = Release|Any CPU
		{0D111DD8-C56A-4FDD-839B-CF954089EC7C}.Release|Any CPU.Build.0 = Release|Any CPU
		{0D111DD8-C56A-4FDD-839B-CF954089EC7C}.Release|x86.ActiveCfg = Release|x86
		{0D111DD8-C56A-4FDD-839B-CF954089EC7C}.Release|x86.Build.0 = Release|x86
		{81BF69B8-7E60-4358-A037-75C911FEDFB6}.Debug|Any CPU.ActiveCfg = Debug|Any CPU
		{81BF69B8-7E60-4358-A037-75C911FEDFB6}.Debug|Any CPU.Build.0 = Debug|Any CPU
		{81BF69B8-7E60-4358-A037-75C911FEDFB6}.Debug|x86.ActiveCfg = Debug|x86
		{81BF69B8-7E60-4358-A037-75C911FEDFB6}.Debug|x86.Build.0 = Debug|x86
		{81BF69B8-7E60-4358-A037-75C911FEDFB6}.Release|Any CPU.ActiveCfg = Release|Any CPU
		{81BF69B8-7E60-4358-A037-75C911FEDFB6}.Release|Any CPU.Build.0 = Release|Any CPU
		{81BF69B8-7E60-4358-A037-75C911FEDFB6}.Release|x86.ActiveCfg = Release|x86
		{81BF69B8-7E60-4358-A037-75C911FEDFB6}.Release|x86.Build.0 = Release|x86
		{8551BE1F-1B2F-4AC5-AD4C-FFA71392AF28}.Debug|Any CPU.ActiveCfg = Debug|Any CPU
		{8551BE1F-1B2F-4AC5-AD4C-FFA71392AF28}.Debug|Any CPU.Build.0 = Debug|Any CPU
		{8551BE1F-1B2F-4AC5-AD4C-FFA71392AF28}.Debug|x86.ActiveCfg = Debug|x86
		{8551BE1F-1B2F-4AC5-AD4C-FFA71392AF28}.Debug|x86.Build.0 = Debug|x86
		{8551BE1F-1B2F-4AC5-AD4C-FFA71392AF28}.Release|Any CPU.ActiveCfg = Release|Any CPU
		{8551BE1F-1B2F-4AC5-AD4C-FFA71392AF28}.Release|Any CPU.Build.0 = Release|Any CPU
		{8551BE1F-1B2F-4AC5-AD4C-FFA71392AF28}.Release|x86.ActiveCfg = Release|x86
		{8551BE1F-1B2F-4AC5-AD4C-FFA71392AF28}.Release|x86.Build.0 = Release|x86
		{7B795A11-AF04-4260-88F4-977109E281C2}.Debug|Any CPU.ActiveCfg = Debug|Any CPU
		{7B795A11-AF04-4260-88F4-977109E281C2}.Debug|Any CPU.Build.0 = Debug|Any CPU
		{7B795A11-AF04-4260-88F4-977109E281C2}.Debug|x86.ActiveCfg = Debug|Any CPU
		{7B795A11-AF04-4260-88F4-977109E281C2}.Debug|x86.Build.0 = Debug|Any CPU
		{7B795A11-AF04-4260-88F4-977109E281C2}.Release|Any CPU.ActiveCfg = Release|Any CPU
		{7B795A11-AF04-4260-88F4-977109E281C2}.Release|Any CPU.Build.0 = Release|Any CPU
		{7B795A11-AF04-4260-88F4-977109E281C2}.Release|x86.ActiveCfg = Release|Any CPU
		{7B795A11-AF04-4260-88F4-977109E281C2}.Release|x86.Build.0 = Release|Any CPU
		{F03A3C56-79D8-4A7B-B6A7-ECCCFDDB6752}.Debug|Any CPU.ActiveCfg = Debug|Any CPU
		{F03A3C56-79D8-4A7B-B6A7-ECCCFDDB6752}.Debug|Any CPU.Build.0 = Debug|Any CPU
		{F03A3C56-79D8-4A7B-B6A7-ECCCFDDB6752}.Debug|x86.ActiveCfg = Debug|Any CPU
		{F03A3C56-79D8-4A7B-B6A7-ECCCFDDB6752}.Debug|x86.Build.0 = Debug|Any CPU
		{F03A3C56-79D8-4A7B-B6A7-ECCCFDDB6752}.Release|Any CPU.ActiveCfg = Release|Any CPU
		{F03A3C56-79D8-4A7B-B6A7-ECCCFDDB6752}.Release|Any CPU.Build.0 = Release|Any CPU
		{F03A3C56-79D8-4A7B-B6A7-ECCCFDDB6752}.Release|x86.ActiveCfg = Release|Any CPU
		{F03A3C56-79D8-4A7B-B6A7-ECCCFDDB6752}.Release|x86.Build.0 = Release|Any CPU
		{7F254217-7FF0-4877-A1BA-584647DC64CA}.Debug|Any CPU.ActiveCfg = Debug|Any CPU
		{7F254217-7FF0-4877-A1BA-584647DC64CA}.Debug|Any CPU.Build.0 = Debug|Any CPU
		{7F254217-7FF0-4877-A1BA-584647DC64CA}.Debug|x86.ActiveCfg = Debug|Any CPU
		{7F254217-7FF0-4877-A1BA-584647DC64CA}.Debug|x86.Build.0 = Debug|Any CPU
		{7F254217-7FF0-4877-A1BA-584647DC64CA}.Release|Any CPU.ActiveCfg = Release|Any CPU
		{7F254217-7FF0-4877-A1BA-584647DC64CA}.Release|Any CPU.Build.0 = Release|Any CPU
		{7F254217-7FF0-4877-A1BA-584647DC64CA}.Release|x86.ActiveCfg = Release|Any CPU
		{7F254217-7FF0-4877-A1BA-584647DC64CA}.Release|x86.Build.0 = Release|Any CPU
		{4BB98503-C566-4E48-8303-D554A331825A}.Debug|Any CPU.ActiveCfg = Debug|Any CPU
		{4BB98503-C566-4E48-8303-D554A331825A}.Debug|Any CPU.Build.0 = Debug|Any CPU
		{4BB98503-C566-4E48-8303-D554A331825A}.Debug|x86.ActiveCfg = Debug|Any CPU
		{4BB98503-C566-4E48-8303-D554A331825A}.Debug|x86.Build.0 = Debug|Any CPU
		{4BB98503-C566-4E48-8303-D554A331825A}.Release|Any CPU.ActiveCfg = Release|Any CPU
		{4BB98503-C566-4E48-8303-D554A331825A}.Release|Any CPU.Build.0 = Release|Any CPU
		{4BB98503-C566-4E48-8303-D554A331825A}.Release|x86.ActiveCfg = Release|Any CPU
		{4BB98503-C566-4E48-8303-D554A331825A}.Release|x86.Build.0 = Release|Any CPU
		{4438CE50-BA25-4D6C-B999-EE9A831FFD67}.Debug|Any CPU.ActiveCfg = Debug|Any CPU
		{4438CE50-BA25-4D6C-B999-EE9A831FFD67}.Debug|Any CPU.Build.0 = Debug|Any CPU
		{4438CE50-BA25-4D6C-B999-EE9A831FFD67}.Debug|x86.ActiveCfg = Debug|Any CPU
		{4438CE50-BA25-4D6C-B999-EE9A831FFD67}.Debug|x86.Build.0 = Debug|Any CPU
		{4438CE50-BA25-4D6C-B999-EE9A831FFD67}.Release|Any CPU.ActiveCfg = Release|Any CPU
		{4438CE50-BA25-4D6C-B999-EE9A831FFD67}.Release|Any CPU.Build.0 = Release|Any CPU
		{4438CE50-BA25-4D6C-B999-EE9A831FFD67}.Release|x86.ActiveCfg = Release|Any CPU
		{4438CE50-BA25-4D6C-B999-EE9A831FFD67}.Release|x86.Build.0 = Release|Any CPU
		{0A1FE1B7-7A98-4773-BC17-E7EB1A2B605D}.Debug|Any CPU.ActiveCfg = Debug|Any CPU
		{0A1FE1B7-7A98-4773-BC17-E7EB1A2B605D}.Debug|Any CPU.Build.0 = Debug|Any CPU
		{0A1FE1B7-7A98-4773-BC17-E7EB1A2B605D}.Debug|x86.ActiveCfg = Debug|Any CPU
		{0A1FE1B7-7A98-4773-BC17-E7EB1A2B605D}.Debug|x86.Build.0 = Debug|Any CPU
		{0A1FE1B7-7A98-4773-BC17-E7EB1A2B605D}.Release|Any CPU.ActiveCfg = Release|Any CPU
		{0A1FE1B7-7A98-4773-BC17-E7EB1A2B605D}.Release|Any CPU.Build.0 = Release|Any CPU
		{0A1FE1B7-7A98-4773-BC17-E7EB1A2B605D}.Release|x86.ActiveCfg = Release|Any CPU
		{0A1FE1B7-7A98-4773-BC17-E7EB1A2B605D}.Release|x86.Build.0 = Release|Any CPU
		{DB12F953-5142-4324-9487-49C2FE2B4057}.Debug|Any CPU.ActiveCfg = Debug|Any CPU
		{DB12F953-5142-4324-9487-49C2FE2B4057}.Debug|Any CPU.Build.0 = Debug|Any CPU
		{DB12F953-5142-4324-9487-49C2FE2B4057}.Debug|x86.ActiveCfg = Debug|Any CPU
		{DB12F953-5142-4324-9487-49C2FE2B4057}.Debug|x86.Build.0 = Debug|Any CPU
		{DB12F953-5142-4324-9487-49C2FE2B4057}.Release|Any CPU.ActiveCfg = Release|Any CPU
		{DB12F953-5142-4324-9487-49C2FE2B4057}.Release|Any CPU.Build.0 = Release|Any CPU
		{DB12F953-5142-4324-9487-49C2FE2B4057}.Release|x86.ActiveCfg = Release|Any CPU
		{DB12F953-5142-4324-9487-49C2FE2B4057}.Release|x86.Build.0 = Release|Any CPU
		{25895ADD-A8D9-4F23-BB4F-EC1FEB06DFB1}.Debug|Any CPU.ActiveCfg = Debug|Any CPU
		{25895ADD-A8D9-4F23-BB4F-EC1FEB06DFB1}.Debug|Any CPU.Build.0 = Debug|Any CPU
		{25895ADD-A8D9-4F23-BB4F-EC1FEB06DFB1}.Debug|x86.ActiveCfg = Debug|Any CPU
		{25895ADD-A8D9-4F23-BB4F-EC1FEB06DFB1}.Debug|x86.Build.0 = Debug|Any CPU
		{25895ADD-A8D9-4F23-BB4F-EC1FEB06DFB1}.Release|Any CPU.ActiveCfg = Release|Any CPU
		{25895ADD-A8D9-4F23-BB4F-EC1FEB06DFB1}.Release|Any CPU.Build.0 = Release|Any CPU
		{25895ADD-A8D9-4F23-BB4F-EC1FEB06DFB1}.Release|x86.ActiveCfg = Release|Any CPU
		{25895ADD-A8D9-4F23-BB4F-EC1FEB06DFB1}.Release|x86.Build.0 = Release|Any CPU
		{2506D8BA-9974-47DF-8A38-ED4468E6E74C}.Debug|Any CPU.ActiveCfg = Debug|Any CPU
		{2506D8BA-9974-47DF-8A38-ED4468E6E74C}.Debug|Any CPU.Build.0 = Debug|Any CPU
		{2506D8BA-9974-47DF-8A38-ED4468E6E74C}.Debug|x86.ActiveCfg = Debug|Any CPU
		{2506D8BA-9974-47DF-8A38-ED4468E6E74C}.Debug|x86.Build.0 = Debug|Any CPU
		{2506D8BA-9974-47DF-8A38-ED4468E6E74C}.Release|Any CPU.ActiveCfg = Release|Any CPU
		{2506D8BA-9974-47DF-8A38-ED4468E6E74C}.Release|Any CPU.Build.0 = Release|Any CPU
		{2506D8BA-9974-47DF-8A38-ED4468E6E74C}.Release|x86.ActiveCfg = Release|Any CPU
		{2506D8BA-9974-47DF-8A38-ED4468E6E74C}.Release|x86.Build.0 = Release|Any CPU
		{F79F2515-FCEE-48C0-935D-141D3C2B1465}.Debug|Any CPU.ActiveCfg = Debug|Any CPU
		{F79F2515-FCEE-48C0-935D-141D3C2B1465}.Debug|Any CPU.Build.0 = Debug|Any CPU
		{F79F2515-FCEE-48C0-935D-141D3C2B1465}.Debug|x86.ActiveCfg = Debug|Any CPU
		{F79F2515-FCEE-48C0-935D-141D3C2B1465}.Debug|x86.Build.0 = Debug|Any CPU
		{F79F2515-FCEE-48C0-935D-141D3C2B1465}.Release|Any CPU.ActiveCfg = Release|Any CPU
		{F79F2515-FCEE-48C0-935D-141D3C2B1465}.Release|Any CPU.Build.0 = Release|Any CPU
		{F79F2515-FCEE-48C0-935D-141D3C2B1465}.Release|x86.ActiveCfg = Release|Any CPU
		{F79F2515-FCEE-48C0-935D-141D3C2B1465}.Release|x86.Build.0 = Release|Any CPU
		{48617F5A-ECDB-4FF7-BE11-0E973A2B3243}.Debug|Any CPU.ActiveCfg = Debug|Any CPU
		{48617F5A-ECDB-4FF7-BE11-0E973A2B3243}.Debug|Any CPU.Build.0 = Debug|Any CPU
		{48617F5A-ECDB-4FF7-BE11-0E973A2B3243}.Debug|x86.ActiveCfg = Debug|Any CPU
		{48617F5A-ECDB-4FF7-BE11-0E973A2B3243}.Debug|x86.Build.0 = Debug|Any CPU
		{48617F5A-ECDB-4FF7-BE11-0E973A2B3243}.Release|Any CPU.ActiveCfg = Release|Any CPU
		{48617F5A-ECDB-4FF7-BE11-0E973A2B3243}.Release|Any CPU.Build.0 = Release|Any CPU
		{48617F5A-ECDB-4FF7-BE11-0E973A2B3243}.Release|x86.ActiveCfg = Release|Any CPU
		{48617F5A-ECDB-4FF7-BE11-0E973A2B3243}.Release|x86.Build.0 = Release|Any CPU
		{9E543BC6-2EC0-4F69-97EB-D71AB2F74FF8}.Debug|Any CPU.ActiveCfg = Debug|Any CPU
		{9E543BC6-2EC0-4F69-97EB-D71AB2F74FF8}.Debug|Any CPU.Build.0 = Debug|Any CPU
		{9E543BC6-2EC0-4F69-97EB-D71AB2F74FF8}.Debug|x86.ActiveCfg = Debug|Any CPU
		{9E543BC6-2EC0-4F69-97EB-D71AB2F74FF8}.Debug|x86.Build.0 = Debug|Any CPU
		{9E543BC6-2EC0-4F69-97EB-D71AB2F74FF8}.Release|Any CPU.ActiveCfg = Release|Any CPU
		{9E543BC6-2EC0-4F69-97EB-D71AB2F74FF8}.Release|Any CPU.Build.0 = Release|Any CPU
		{9E543BC6-2EC0-4F69-97EB-D71AB2F74FF8}.Release|x86.ActiveCfg = Release|Any CPU
		{9E543BC6-2EC0-4F69-97EB-D71AB2F74FF8}.Release|x86.Build.0 = Release|Any CPU
		{B820AD18-1BC6-42DB-A027-1B0339EA2A17}.Debug|Any CPU.ActiveCfg = Debug|Any CPU
		{B820AD18-1BC6-42DB-A027-1B0339EA2A17}.Debug|Any CPU.Build.0 = Debug|Any CPU
		{B820AD18-1BC6-42DB-A027-1B0339EA2A17}.Debug|x86.ActiveCfg = Debug|Any CPU
		{B820AD18-1BC6-42DB-A027-1B0339EA2A17}.Debug|x86.Build.0 = Debug|Any CPU
		{B820AD18-1BC6-42DB-A027-1B0339EA2A17}.Release|Any CPU.ActiveCfg = Release|Any CPU
		{B820AD18-1BC6-42DB-A027-1B0339EA2A17}.Release|Any CPU.Build.0 = Release|Any CPU
		{B820AD18-1BC6-42DB-A027-1B0339EA2A17}.Release|x86.ActiveCfg = Release|Any CPU
		{B820AD18-1BC6-42DB-A027-1B0339EA2A17}.Release|x86.Build.0 = Release|Any CPU
		{C54E205E-AA1E-40D0-BD69-7BA65E434FA6}.Debug|Any CPU.ActiveCfg = Debug|Any CPU
		{C54E205E-AA1E-40D0-BD69-7BA65E434FA6}.Debug|Any CPU.Build.0 = Debug|Any CPU
		{C54E205E-AA1E-40D0-BD69-7BA65E434FA6}.Debug|x86.ActiveCfg = Debug|Any CPU
		{C54E205E-AA1E-40D0-BD69-7BA65E434FA6}.Debug|x86.Build.0 = Debug|Any CPU
		{C54E205E-AA1E-40D0-BD69-7BA65E434FA6}.Release|Any CPU.ActiveCfg = Release|Any CPU
		{C54E205E-AA1E-40D0-BD69-7BA65E434FA6}.Release|Any CPU.Build.0 = Release|Any CPU
		{C54E205E-AA1E-40D0-BD69-7BA65E434FA6}.Release|x86.ActiveCfg = Release|Any CPU
		{C54E205E-AA1E-40D0-BD69-7BA65E434FA6}.Release|x86.Build.0 = Release|Any CPU
		{ABAD5867-A243-4560-B32A-62D118DAED27}.Debug|Any CPU.ActiveCfg = Debug|Any CPU
		{ABAD5867-A243-4560-B32A-62D118DAED27}.Debug|Any CPU.Build.0 = Debug|Any CPU
		{ABAD5867-A243-4560-B32A-62D118DAED27}.Debug|x86.ActiveCfg = Debug|Any CPU
		{ABAD5867-A243-4560-B32A-62D118DAED27}.Debug|x86.Build.0 = Debug|Any CPU
		{ABAD5867-A243-4560-B32A-62D118DAED27}.Release|Any CPU.ActiveCfg = Release|Any CPU
		{ABAD5867-A243-4560-B32A-62D118DAED27}.Release|Any CPU.Build.0 = Release|Any CPU
		{ABAD5867-A243-4560-B32A-62D118DAED27}.Release|x86.ActiveCfg = Release|Any CPU
		{ABAD5867-A243-4560-B32A-62D118DAED27}.Release|x86.Build.0 = Release|Any CPU
		{5996B608-144A-4C40-AC8F-93223A6EC3C3}.Debug|Any CPU.ActiveCfg = Debug|Any CPU
		{5996B608-144A-4C40-AC8F-93223A6EC3C3}.Debug|Any CPU.Build.0 = Debug|Any CPU
		{5996B608-144A-4C40-AC8F-93223A6EC3C3}.Debug|x86.ActiveCfg = Debug|Any CPU
		{5996B608-144A-4C40-AC8F-93223A6EC3C3}.Debug|x86.Build.0 = Debug|Any CPU
		{5996B608-144A-4C40-AC8F-93223A6EC3C3}.Release|Any CPU.ActiveCfg = Release|Any CPU
		{5996B608-144A-4C40-AC8F-93223A6EC3C3}.Release|Any CPU.Build.0 = Release|Any CPU
		{5996B608-144A-4C40-AC8F-93223A6EC3C3}.Release|x86.ActiveCfg = Release|Any CPU
		{5996B608-144A-4C40-AC8F-93223A6EC3C3}.Release|x86.Build.0 = Release|Any CPU
		{64128CFC-D18B-414C-B795-39F6F3EE7E0C}.Debug|Any CPU.ActiveCfg = Debug|Any CPU
		{64128CFC-D18B-414C-B795-39F6F3EE7E0C}.Debug|Any CPU.Build.0 = Debug|Any CPU
		{64128CFC-D18B-414C-B795-39F6F3EE7E0C}.Debug|x86.ActiveCfg = Debug|Any CPU
		{64128CFC-D18B-414C-B795-39F6F3EE7E0C}.Debug|x86.Build.0 = Debug|Any CPU
		{64128CFC-D18B-414C-B795-39F6F3EE7E0C}.Release|Any CPU.ActiveCfg = Release|Any CPU
		{64128CFC-D18B-414C-B795-39F6F3EE7E0C}.Release|Any CPU.Build.0 = Release|Any CPU
		{64128CFC-D18B-414C-B795-39F6F3EE7E0C}.Release|x86.ActiveCfg = Release|Any CPU
		{64128CFC-D18B-414C-B795-39F6F3EE7E0C}.Release|x86.Build.0 = Release|Any CPU
		{F26B63CD-9D58-459B-AAFF-8DC92E29F48F}.Debug|Any CPU.ActiveCfg = Debug|Any CPU
		{F26B63CD-9D58-459B-AAFF-8DC92E29F48F}.Debug|Any CPU.Build.0 = Debug|Any CPU
		{F26B63CD-9D58-459B-AAFF-8DC92E29F48F}.Debug|x86.ActiveCfg = Debug|Any CPU
		{F26B63CD-9D58-459B-AAFF-8DC92E29F48F}.Debug|x86.Build.0 = Debug|Any CPU
		{F26B63CD-9D58-459B-AAFF-8DC92E29F48F}.Release|Any CPU.ActiveCfg = Release|Any CPU
		{F26B63CD-9D58-459B-AAFF-8DC92E29F48F}.Release|Any CPU.Build.0 = Release|Any CPU
		{F26B63CD-9D58-459B-AAFF-8DC92E29F48F}.Release|x86.ActiveCfg = Release|Any CPU
		{F26B63CD-9D58-459B-AAFF-8DC92E29F48F}.Release|x86.Build.0 = Release|Any CPU
		{74D8CF63-738B-4330-B13E-4E3037C4EE91}.Debug|Any CPU.ActiveCfg = Debug|Any CPU
		{74D8CF63-738B-4330-B13E-4E3037C4EE91}.Debug|Any CPU.Build.0 = Debug|Any CPU
		{74D8CF63-738B-4330-B13E-4E3037C4EE91}.Debug|x86.ActiveCfg = Debug|Any CPU
		{74D8CF63-738B-4330-B13E-4E3037C4EE91}.Debug|x86.Build.0 = Debug|Any CPU
		{74D8CF63-738B-4330-B13E-4E3037C4EE91}.Release|Any CPU.ActiveCfg = Release|Any CPU
		{74D8CF63-738B-4330-B13E-4E3037C4EE91}.Release|Any CPU.Build.0 = Release|Any CPU
		{74D8CF63-738B-4330-B13E-4E3037C4EE91}.Release|x86.ActiveCfg = Release|Any CPU
		{74D8CF63-738B-4330-B13E-4E3037C4EE91}.Release|x86.Build.0 = Release|Any CPU
		{D64C32E1-6337-4DF9-BB7B-5541F081E14E}.Debug|Any CPU.ActiveCfg = Debug|Any CPU
		{D64C32E1-6337-4DF9-BB7B-5541F081E14E}.Debug|Any CPU.Build.0 = Debug|Any CPU
		{D64C32E1-6337-4DF9-BB7B-5541F081E14E}.Debug|x86.ActiveCfg = Debug|Any CPU
		{D64C32E1-6337-4DF9-BB7B-5541F081E14E}.Debug|x86.Build.0 = Debug|Any CPU
		{D64C32E1-6337-4DF9-BB7B-5541F081E14E}.Release|Any CPU.ActiveCfg = Release|Any CPU
		{D64C32E1-6337-4DF9-BB7B-5541F081E14E}.Release|Any CPU.Build.0 = Release|Any CPU
		{D64C32E1-6337-4DF9-BB7B-5541F081E14E}.Release|x86.ActiveCfg = Release|Any CPU
		{D64C32E1-6337-4DF9-BB7B-5541F081E14E}.Release|x86.Build.0 = Release|Any CPU
		{780FA71E-0F1C-44D8-AD6D-9A15064EA270}.Debug|Any CPU.ActiveCfg = Debug|Any CPU
		{780FA71E-0F1C-44D8-AD6D-9A15064EA270}.Debug|Any CPU.Build.0 = Debug|Any CPU
		{780FA71E-0F1C-44D8-AD6D-9A15064EA270}.Debug|x86.ActiveCfg = Debug|Any CPU
		{780FA71E-0F1C-44D8-AD6D-9A15064EA270}.Debug|x86.Build.0 = Debug|Any CPU
		{780FA71E-0F1C-44D8-AD6D-9A15064EA270}.Release|Any CPU.ActiveCfg = Release|Any CPU
		{780FA71E-0F1C-44D8-AD6D-9A15064EA270}.Release|Any CPU.Build.0 = Release|Any CPU
		{780FA71E-0F1C-44D8-AD6D-9A15064EA270}.Release|x86.ActiveCfg = Release|Any CPU
		{780FA71E-0F1C-44D8-AD6D-9A15064EA270}.Release|x86.Build.0 = Release|Any CPU
		{D163B69F-31B2-4BD2-9E5D-E1541EE38528}.Debug|Any CPU.ActiveCfg = Debug|Any CPU
		{D163B69F-31B2-4BD2-9E5D-E1541EE38528}.Debug|Any CPU.Build.0 = Debug|Any CPU
		{D163B69F-31B2-4BD2-9E5D-E1541EE38528}.Debug|x86.ActiveCfg = Debug|Any CPU
		{D163B69F-31B2-4BD2-9E5D-E1541EE38528}.Debug|x86.Build.0 = Debug|Any CPU
		{D163B69F-31B2-4BD2-9E5D-E1541EE38528}.Release|Any CPU.ActiveCfg = Release|Any CPU
		{D163B69F-31B2-4BD2-9E5D-E1541EE38528}.Release|Any CPU.Build.0 = Release|Any CPU
		{D163B69F-31B2-4BD2-9E5D-E1541EE38528}.Release|x86.ActiveCfg = Release|Any CPU
		{D163B69F-31B2-4BD2-9E5D-E1541EE38528}.Release|x86.Build.0 = Release|Any CPU
		{7493D2E0-7F13-4F67-9174-BFD2397C84C2}.Debug|Any CPU.ActiveCfg = Debug|Any CPU
		{7493D2E0-7F13-4F67-9174-BFD2397C84C2}.Debug|Any CPU.Build.0 = Debug|Any CPU
		{7493D2E0-7F13-4F67-9174-BFD2397C84C2}.Debug|x86.ActiveCfg = Debug|Any CPU
		{7493D2E0-7F13-4F67-9174-BFD2397C84C2}.Debug|x86.Build.0 = Debug|Any CPU
		{7493D2E0-7F13-4F67-9174-BFD2397C84C2}.Release|Any CPU.ActiveCfg = Release|Any CPU
		{7493D2E0-7F13-4F67-9174-BFD2397C84C2}.Release|Any CPU.Build.0 = Release|Any CPU
		{7493D2E0-7F13-4F67-9174-BFD2397C84C2}.Release|x86.ActiveCfg = Release|Any CPU
		{7493D2E0-7F13-4F67-9174-BFD2397C84C2}.Release|x86.Build.0 = Release|Any CPU
		{50E6FCD1-9663-4000-A696-E4CA6D02BDAA}.Debug|Any CPU.ActiveCfg = Debug|Any CPU
		{50E6FCD1-9663-4000-A696-E4CA6D02BDAA}.Debug|Any CPU.Build.0 = Debug|Any CPU
		{50E6FCD1-9663-4000-A696-E4CA6D02BDAA}.Debug|x86.ActiveCfg = Debug|Any CPU
		{50E6FCD1-9663-4000-A696-E4CA6D02BDAA}.Debug|x86.Build.0 = Debug|Any CPU
		{50E6FCD1-9663-4000-A696-E4CA6D02BDAA}.Release|Any CPU.ActiveCfg = Release|Any CPU
		{50E6FCD1-9663-4000-A696-E4CA6D02BDAA}.Release|Any CPU.Build.0 = Release|Any CPU
		{50E6FCD1-9663-4000-A696-E4CA6D02BDAA}.Release|x86.ActiveCfg = Release|Any CPU
		{50E6FCD1-9663-4000-A696-E4CA6D02BDAA}.Release|x86.Build.0 = Release|Any CPU
		{81FCDF8B-C3D9-4FAC-8F83-AB716B55590D}.Debug|Any CPU.ActiveCfg = Debug|Any CPU
		{81FCDF8B-C3D9-4FAC-8F83-AB716B55590D}.Debug|Any CPU.Build.0 = Debug|Any CPU
		{81FCDF8B-C3D9-4FAC-8F83-AB716B55590D}.Debug|x86.ActiveCfg = Debug|Any CPU
		{81FCDF8B-C3D9-4FAC-8F83-AB716B55590D}.Debug|x86.Build.0 = Debug|Any CPU
		{81FCDF8B-C3D9-4FAC-8F83-AB716B55590D}.Release|Any CPU.ActiveCfg = Release|Any CPU
		{81FCDF8B-C3D9-4FAC-8F83-AB716B55590D}.Release|Any CPU.Build.0 = Release|Any CPU
		{81FCDF8B-C3D9-4FAC-8F83-AB716B55590D}.Release|x86.ActiveCfg = Release|Any CPU
		{81FCDF8B-C3D9-4FAC-8F83-AB716B55590D}.Release|x86.Build.0 = Release|Any CPU
		{DE8DDA9A-21CA-4F99-AB55-DB058279363B}.Debug|Any CPU.ActiveCfg = Debug|Any CPU
		{DE8DDA9A-21CA-4F99-AB55-DB058279363B}.Debug|Any CPU.Build.0 = Debug|Any CPU
		{DE8DDA9A-21CA-4F99-AB55-DB058279363B}.Debug|x86.ActiveCfg = Debug|Any CPU
		{DE8DDA9A-21CA-4F99-AB55-DB058279363B}.Debug|x86.Build.0 = Debug|Any CPU
		{DE8DDA9A-21CA-4F99-AB55-DB058279363B}.Release|Any CPU.ActiveCfg = Release|Any CPU
		{DE8DDA9A-21CA-4F99-AB55-DB058279363B}.Release|Any CPU.Build.0 = Release|Any CPU
		{DE8DDA9A-21CA-4F99-AB55-DB058279363B}.Release|x86.ActiveCfg = Release|Any CPU
		{DE8DDA9A-21CA-4F99-AB55-DB058279363B}.Release|x86.Build.0 = Release|Any CPU
		{752C55B2-7E69-4D1A-843D-CE93E4A0F9DE}.Debug|Any CPU.ActiveCfg = Debug|Any CPU
		{752C55B2-7E69-4D1A-843D-CE93E4A0F9DE}.Debug|Any CPU.Build.0 = Debug|Any CPU
		{752C55B2-7E69-4D1A-843D-CE93E4A0F9DE}.Debug|x86.ActiveCfg = Debug|Any CPU
		{752C55B2-7E69-4D1A-843D-CE93E4A0F9DE}.Debug|x86.Build.0 = Debug|Any CPU
		{752C55B2-7E69-4D1A-843D-CE93E4A0F9DE}.Release|Any CPU.ActiveCfg = Release|Any CPU
		{752C55B2-7E69-4D1A-843D-CE93E4A0F9DE}.Release|Any CPU.Build.0 = Release|Any CPU
		{752C55B2-7E69-4D1A-843D-CE93E4A0F9DE}.Release|x86.ActiveCfg = Release|Any CPU
		{752C55B2-7E69-4D1A-843D-CE93E4A0F9DE}.Release|x86.Build.0 = Release|Any CPU
		{A5B1842D-9357-450F-A752-6953BF46DD60}.Debug|Any CPU.ActiveCfg = Debug|Any CPU
		{A5B1842D-9357-450F-A752-6953BF46DD60}.Debug|Any CPU.Build.0 = Debug|Any CPU
		{A5B1842D-9357-450F-A752-6953BF46DD60}.Debug|x86.ActiveCfg = Debug|Any CPU
		{A5B1842D-9357-450F-A752-6953BF46DD60}.Debug|x86.Build.0 = Debug|Any CPU
		{A5B1842D-9357-450F-A752-6953BF46DD60}.Release|Any CPU.ActiveCfg = Release|Any CPU
		{A5B1842D-9357-450F-A752-6953BF46DD60}.Release|Any CPU.Build.0 = Release|Any CPU
		{A5B1842D-9357-450F-A752-6953BF46DD60}.Release|x86.ActiveCfg = Release|Any CPU
		{A5B1842D-9357-450F-A752-6953BF46DD60}.Release|x86.Build.0 = Release|Any CPU
		{DC50CCD9-3B1F-46F1-B357-E2400BFD95A6}.Debug|Any CPU.ActiveCfg = Debug|Any CPU
		{DC50CCD9-3B1F-46F1-B357-E2400BFD95A6}.Debug|Any CPU.Build.0 = Debug|Any CPU
		{DC50CCD9-3B1F-46F1-B357-E2400BFD95A6}.Debug|x86.ActiveCfg = Debug|Any CPU
		{DC50CCD9-3B1F-46F1-B357-E2400BFD95A6}.Debug|x86.Build.0 = Debug|Any CPU
		{DC50CCD9-3B1F-46F1-B357-E2400BFD95A6}.Release|Any CPU.ActiveCfg = Release|Any CPU
		{DC50CCD9-3B1F-46F1-B357-E2400BFD95A6}.Release|Any CPU.Build.0 = Release|Any CPU
		{DC50CCD9-3B1F-46F1-B357-E2400BFD95A6}.Release|x86.ActiveCfg = Release|Any CPU
		{DC50CCD9-3B1F-46F1-B357-E2400BFD95A6}.Release|x86.Build.0 = Release|Any CPU
		{F0E42A12-222A-423C-A9E0-AD83A469E036}.Debug|Any CPU.ActiveCfg = Debug|Any CPU
		{F0E42A12-222A-423C-A9E0-AD83A469E036}.Debug|Any CPU.Build.0 = Debug|Any CPU
		{F0E42A12-222A-423C-A9E0-AD83A469E036}.Debug|x86.ActiveCfg = Debug|Any CPU
		{F0E42A12-222A-423C-A9E0-AD83A469E036}.Debug|x86.Build.0 = Debug|Any CPU
		{F0E42A12-222A-423C-A9E0-AD83A469E036}.Release|Any CPU.ActiveCfg = Release|Any CPU
		{F0E42A12-222A-423C-A9E0-AD83A469E036}.Release|Any CPU.Build.0 = Release|Any CPU
		{F0E42A12-222A-423C-A9E0-AD83A469E036}.Release|x86.ActiveCfg = Release|Any CPU
		{F0E42A12-222A-423C-A9E0-AD83A469E036}.Release|x86.Build.0 = Release|Any CPU
		{FBDD31BA-20E2-4B3B-B3EA-712B95EB9480}.Debug|Any CPU.ActiveCfg = Debug|Any CPU
		{FBDD31BA-20E2-4B3B-B3EA-712B95EB9480}.Debug|Any CPU.Build.0 = Debug|Any CPU
		{FBDD31BA-20E2-4B3B-B3EA-712B95EB9480}.Debug|x86.ActiveCfg = Debug|Any CPU
		{FBDD31BA-20E2-4B3B-B3EA-712B95EB9480}.Debug|x86.Build.0 = Debug|Any CPU
		{FBDD31BA-20E2-4B3B-B3EA-712B95EB9480}.Release|Any CPU.ActiveCfg = Release|Any CPU
		{FBDD31BA-20E2-4B3B-B3EA-712B95EB9480}.Release|Any CPU.Build.0 = Release|Any CPU
		{FBDD31BA-20E2-4B3B-B3EA-712B95EB9480}.Release|x86.ActiveCfg = Release|Any CPU
		{FBDD31BA-20E2-4B3B-B3EA-712B95EB9480}.Release|x86.Build.0 = Release|Any CPU
		{3EA70095-1D1B-4EE4-8356-20C04B9DB3BC}.Debug|Any CPU.ActiveCfg = Debug|Any CPU
		{3EA70095-1D1B-4EE4-8356-20C04B9DB3BC}.Debug|Any CPU.Build.0 = Debug|Any CPU
		{3EA70095-1D1B-4EE4-8356-20C04B9DB3BC}.Debug|x86.ActiveCfg = Debug|Any CPU
		{3EA70095-1D1B-4EE4-8356-20C04B9DB3BC}.Debug|x86.Build.0 = Debug|Any CPU
		{3EA70095-1D1B-4EE4-8356-20C04B9DB3BC}.Release|Any CPU.ActiveCfg = Release|Any CPU
		{3EA70095-1D1B-4EE4-8356-20C04B9DB3BC}.Release|Any CPU.Build.0 = Release|Any CPU
		{3EA70095-1D1B-4EE4-8356-20C04B9DB3BC}.Release|x86.ActiveCfg = Release|Any CPU
		{3EA70095-1D1B-4EE4-8356-20C04B9DB3BC}.Release|x86.Build.0 = Release|Any CPU
		{13A95BB1-EE58-4BB9-9F7E-4E73ABACD8BA}.Debug|Any CPU.ActiveCfg = Debug|Any CPU
		{13A95BB1-EE58-4BB9-9F7E-4E73ABACD8BA}.Debug|Any CPU.Build.0 = Debug|Any CPU
		{13A95BB1-EE58-4BB9-9F7E-4E73ABACD8BA}.Debug|x86.ActiveCfg = Debug|Any CPU
		{13A95BB1-EE58-4BB9-9F7E-4E73ABACD8BA}.Debug|x86.Build.0 = Debug|Any CPU
		{13A95BB1-EE58-4BB9-9F7E-4E73ABACD8BA}.Release|Any CPU.ActiveCfg = Release|Any CPU
		{13A95BB1-EE58-4BB9-9F7E-4E73ABACD8BA}.Release|Any CPU.Build.0 = Release|Any CPU
		{13A95BB1-EE58-4BB9-9F7E-4E73ABACD8BA}.Release|x86.ActiveCfg = Release|Any CPU
		{13A95BB1-EE58-4BB9-9F7E-4E73ABACD8BA}.Release|x86.Build.0 = Release|Any CPU
		{4EE42DB1-51A2-49F9-83EA-147916805FA4}.Debug|Any CPU.ActiveCfg = Debug|Any CPU
		{4EE42DB1-51A2-49F9-83EA-147916805FA4}.Debug|Any CPU.Build.0 = Debug|Any CPU
		{4EE42DB1-51A2-49F9-83EA-147916805FA4}.Debug|x86.ActiveCfg = Debug|Any CPU
		{4EE42DB1-51A2-49F9-83EA-147916805FA4}.Debug|x86.Build.0 = Debug|Any CPU
		{4EE42DB1-51A2-49F9-83EA-147916805FA4}.Release|Any CPU.ActiveCfg = Release|Any CPU
		{4EE42DB1-51A2-49F9-83EA-147916805FA4}.Release|Any CPU.Build.0 = Release|Any CPU
		{4EE42DB1-51A2-49F9-83EA-147916805FA4}.Release|x86.ActiveCfg = Release|Any CPU
		{4EE42DB1-51A2-49F9-83EA-147916805FA4}.Release|x86.Build.0 = Release|Any CPU
		{66181C33-26E4-4A26-BC27-6603751F5B6A}.Debug|Any CPU.ActiveCfg = Debug|Any CPU
		{66181C33-26E4-4A26-BC27-6603751F5B6A}.Debug|Any CPU.Build.0 = Debug|Any CPU
		{66181C33-26E4-4A26-BC27-6603751F5B6A}.Debug|x86.ActiveCfg = Debug|Any CPU
		{66181C33-26E4-4A26-BC27-6603751F5B6A}.Debug|x86.Build.0 = Debug|Any CPU
		{66181C33-26E4-4A26-BC27-6603751F5B6A}.Release|Any CPU.ActiveCfg = Release|Any CPU
		{66181C33-26E4-4A26-BC27-6603751F5B6A}.Release|Any CPU.Build.0 = Release|Any CPU
		{66181C33-26E4-4A26-BC27-6603751F5B6A}.Release|x86.ActiveCfg = Release|Any CPU
		{66181C33-26E4-4A26-BC27-6603751F5B6A}.Release|x86.Build.0 = Release|Any CPU
		{BF96C118-CBB2-4134-B1B0-83D3A4EDEE65}.Debug|Any CPU.ActiveCfg = Debug|Any CPU
		{BF96C118-CBB2-4134-B1B0-83D3A4EDEE65}.Debug|Any CPU.Build.0 = Debug|Any CPU
		{BF96C118-CBB2-4134-B1B0-83D3A4EDEE65}.Debug|x86.ActiveCfg = Debug|Any CPU
		{BF96C118-CBB2-4134-B1B0-83D3A4EDEE65}.Debug|x86.Build.0 = Debug|Any CPU
		{BF96C118-CBB2-4134-B1B0-83D3A4EDEE65}.Release|Any CPU.ActiveCfg = Release|Any CPU
		{BF96C118-CBB2-4134-B1B0-83D3A4EDEE65}.Release|Any CPU.Build.0 = Release|Any CPU
		{BF96C118-CBB2-4134-B1B0-83D3A4EDEE65}.Release|x86.ActiveCfg = Release|Any CPU
		{BF96C118-CBB2-4134-B1B0-83D3A4EDEE65}.Release|x86.Build.0 = Release|Any CPU
		{AF1B3032-85E0-40C6-8AD8-9C2078FF671B}.Debug|Any CPU.ActiveCfg = Debug|Any CPU
		{AF1B3032-85E0-40C6-8AD8-9C2078FF671B}.Debug|Any CPU.Build.0 = Debug|Any CPU
		{AF1B3032-85E0-40C6-8AD8-9C2078FF671B}.Debug|x86.ActiveCfg = Debug|Any CPU
		{AF1B3032-85E0-40C6-8AD8-9C2078FF671B}.Debug|x86.Build.0 = Debug|Any CPU
		{AF1B3032-85E0-40C6-8AD8-9C2078FF671B}.Release|Any CPU.ActiveCfg = Release|Any CPU
		{AF1B3032-85E0-40C6-8AD8-9C2078FF671B}.Release|Any CPU.Build.0 = Release|Any CPU
		{AF1B3032-85E0-40C6-8AD8-9C2078FF671B}.Release|x86.ActiveCfg = Release|Any CPU
		{AF1B3032-85E0-40C6-8AD8-9C2078FF671B}.Release|x86.Build.0 = Release|Any CPU
		{8F088F24-3B1A-4B2A-9EDF-6F34D14CED92}.Debug|Any CPU.ActiveCfg = Debug|Any CPU
		{8F088F24-3B1A-4B2A-9EDF-6F34D14CED92}.Debug|Any CPU.Build.0 = Debug|Any CPU
		{8F088F24-3B1A-4B2A-9EDF-6F34D14CED92}.Debug|x86.ActiveCfg = Debug|Any CPU
		{8F088F24-3B1A-4B2A-9EDF-6F34D14CED92}.Debug|x86.Build.0 = Debug|Any CPU
		{8F088F24-3B1A-4B2A-9EDF-6F34D14CED92}.Release|Any CPU.ActiveCfg = Release|Any CPU
		{8F088F24-3B1A-4B2A-9EDF-6F34D14CED92}.Release|Any CPU.Build.0 = Release|Any CPU
		{8F088F24-3B1A-4B2A-9EDF-6F34D14CED92}.Release|x86.ActiveCfg = Release|Any CPU
		{8F088F24-3B1A-4B2A-9EDF-6F34D14CED92}.Release|x86.Build.0 = Release|Any CPU
		{C1898A1D-D5AF-424A-8069-5195495B5E6F}.Debug|Any CPU.ActiveCfg = Debug|Any CPU
		{C1898A1D-D5AF-424A-8069-5195495B5E6F}.Debug|Any CPU.Build.0 = Debug|Any CPU
		{C1898A1D-D5AF-424A-8069-5195495B5E6F}.Debug|x86.ActiveCfg = Debug|Any CPU
		{C1898A1D-D5AF-424A-8069-5195495B5E6F}.Debug|x86.Build.0 = Debug|Any CPU
		{C1898A1D-D5AF-424A-8069-5195495B5E6F}.Release|Any CPU.ActiveCfg = Release|Any CPU
		{C1898A1D-D5AF-424A-8069-5195495B5E6F}.Release|Any CPU.Build.0 = Release|Any CPU
		{C1898A1D-D5AF-424A-8069-5195495B5E6F}.Release|x86.ActiveCfg = Release|Any CPU
		{C1898A1D-D5AF-424A-8069-5195495B5E6F}.Release|x86.Build.0 = Release|Any CPU
	EndGlobalSection
	GlobalSection(SolutionProperties) = preSolution
		HideSolutionNode = FALSE
	EndGlobalSection
	GlobalSection(NestedProjects) = preSolution
		{32C69EFE-B336-4C61-8835-890310982EDC} = {CBB6222F-D57E-40D0-92FF-19D6326322C5}
		{F684C0FA-8280-4171-ACD0-AB155EF394AB} = {CBB6222F-D57E-40D0-92FF-19D6326322C5}
		{0D111DD8-C56A-4FDD-839B-CF954089EC7C} = {CBB6222F-D57E-40D0-92FF-19D6326322C5}
		{81BF69B8-7E60-4358-A037-75C911FEDFB6} = {CBB6222F-D57E-40D0-92FF-19D6326322C5}
		{8551BE1F-1B2F-4AC5-AD4C-FFA71392AF28} = {CBB6222F-D57E-40D0-92FF-19D6326322C5}
		{7B795A11-AF04-4260-88F4-977109E281C2} = {CBB6222F-D57E-40D0-92FF-19D6326322C5}
		{F03A3C56-79D8-4A7B-B6A7-ECCCFDDB6752} = {CBB6222F-D57E-40D0-92FF-19D6326322C5}
		{7F254217-7FF0-4877-A1BA-584647DC64CA} = {67AC4B99-CF2B-44C1-A999-000BC0CA4FE3}
		{4BB98503-C566-4E48-8303-D554A331825A} = {67AC4B99-CF2B-44C1-A999-000BC0CA4FE3}
		{4438CE50-BA25-4D6C-B999-EE9A831FFD67} = {67AC4B99-CF2B-44C1-A999-000BC0CA4FE3}
		{0A1FE1B7-7A98-4773-BC17-E7EB1A2B605D} = {67AC4B99-CF2B-44C1-A999-000BC0CA4FE3}
		{DB12F953-5142-4324-9487-49C2FE2B4057} = {67AC4B99-CF2B-44C1-A999-000BC0CA4FE3}
		{25895ADD-A8D9-4F23-BB4F-EC1FEB06DFB1} = {67AC4B99-CF2B-44C1-A999-000BC0CA4FE3}
		{2506D8BA-9974-47DF-8A38-ED4468E6E74C} = {67AC4B99-CF2B-44C1-A999-000BC0CA4FE3}
		{F79F2515-FCEE-48C0-935D-141D3C2B1465} = {67AC4B99-CF2B-44C1-A999-000BC0CA4FE3}
		{48617F5A-ECDB-4FF7-BE11-0E973A2B3243} = {67AC4B99-CF2B-44C1-A999-000BC0CA4FE3}
		{2A0F0B5C-06A0-43EC-BD83-DDDD9E78D37D} = {1A05B72D-67A7-4B13-AAAF-A76272BA20C6}
		{9E543BC6-2EC0-4F69-97EB-D71AB2F74FF8} = {2A0F0B5C-06A0-43EC-BD83-DDDD9E78D37D}
		{B820AD18-1BC6-42DB-A027-1B0339EA2A17} = {1A05B72D-67A7-4B13-AAAF-A76272BA20C6}
		{C54E205E-AA1E-40D0-BD69-7BA65E434FA6} = {2A0F0B5C-06A0-43EC-BD83-DDDD9E78D37D}
		{ABAD5867-A243-4560-B32A-62D118DAED27} = {2A0F0B5C-06A0-43EC-BD83-DDDD9E78D37D}
		{5996B608-144A-4C40-AC8F-93223A6EC3C3} = {2A0F0B5C-06A0-43EC-BD83-DDDD9E78D37D}
		{64128CFC-D18B-414C-B795-39F6F3EE7E0C} = {2A0F0B5C-06A0-43EC-BD83-DDDD9E78D37D}
		{F26B63CD-9D58-459B-AAFF-8DC92E29F48F} = {2A0F0B5C-06A0-43EC-BD83-DDDD9E78D37D}
		{74D8CF63-738B-4330-B13E-4E3037C4EE91} = {2A0F0B5C-06A0-43EC-BD83-DDDD9E78D37D}
		{D64C32E1-6337-4DF9-BB7B-5541F081E14E} = {2A0F0B5C-06A0-43EC-BD83-DDDD9E78D37D}
		{780FA71E-0F1C-44D8-AD6D-9A15064EA270} = {2A0F0B5C-06A0-43EC-BD83-DDDD9E78D37D}
		{D163B69F-31B2-4BD2-9E5D-E1541EE38528} = {2A0F0B5C-06A0-43EC-BD83-DDDD9E78D37D}
		{7493D2E0-7F13-4F67-9174-BFD2397C84C2} = {2A0F0B5C-06A0-43EC-BD83-DDDD9E78D37D}
		{50E6FCD1-9663-4000-A696-E4CA6D02BDAA} = {2A0F0B5C-06A0-43EC-BD83-DDDD9E78D37D}
		{81FCDF8B-C3D9-4FAC-8F83-AB716B55590D} = {2A0F0B5C-06A0-43EC-BD83-DDDD9E78D37D}
		{DE8DDA9A-21CA-4F99-AB55-DB058279363B} = {2A0F0B5C-06A0-43EC-BD83-DDDD9E78D37D}
		{752C55B2-7E69-4D1A-843D-CE93E4A0F9DE} = {2A0F0B5C-06A0-43EC-BD83-DDDD9E78D37D}
		{A5B1842D-9357-450F-A752-6953BF46DD60} = {2A0F0B5C-06A0-43EC-BD83-DDDD9E78D37D}
		{DC50CCD9-3B1F-46F1-B357-E2400BFD95A6} = {2A0F0B5C-06A0-43EC-BD83-DDDD9E78D37D}
		{F0E42A12-222A-423C-A9E0-AD83A469E036} = {2A0F0B5C-06A0-43EC-BD83-DDDD9E78D37D}
		{FBDD31BA-20E2-4B3B-B3EA-712B95EB9480} = {2A0F0B5C-06A0-43EC-BD83-DDDD9E78D37D}
		{3EA70095-1D1B-4EE4-8356-20C04B9DB3BC} = {2A0F0B5C-06A0-43EC-BD83-DDDD9E78D37D}
		{13A95BB1-EE58-4BB9-9F7E-4E73ABACD8BA} = {2A0F0B5C-06A0-43EC-BD83-DDDD9E78D37D}
		{4EE42DB1-51A2-49F9-83EA-147916805FA4} = {2A0F0B5C-06A0-43EC-BD83-DDDD9E78D37D}
		{66181C33-26E4-4A26-BC27-6603751F5B6A} = {3938231A-58EE-4039-8862-BD56A6B8E9A3}
		{BF96C118-CBB2-4134-B1B0-83D3A4EDEE65} = {3938231A-58EE-4039-8862-BD56A6B8E9A3}
		{AF1B3032-85E0-40C6-8AD8-9C2078FF671B} = {3938231A-58EE-4039-8862-BD56A6B8E9A3}
		{8F088F24-3B1A-4B2A-9EDF-6F34D14CED92} = {3938231A-58EE-4039-8862-BD56A6B8E9A3}
		{C1898A1D-D5AF-424A-8069-5195495B5E6F} = {3938231A-58EE-4039-8862-BD56A6B8E9A3}
	EndGlobalSection
	GlobalSection(ExtensibilityGlobals) = postSolution
		SolutionGuid = {DE49ACD1-3EB4-48EB-A358-F31E03AF79D2}
	EndGlobalSection
EndGlobal
