
Microsoft Visual Studio Solution File, Format Version 12.00
# Visual Studio Version 16
VisualStudioVersion = 16.0.30002.166
MinimumVisualStudioVersion = 10.0.40219.1
Project("{9A19103F-16F7-4668-BE54-9A1E7A4F7556}") = "LeetCode", "LeetCode\LeetCode.csproj", "{826964DB-0E38-4332-9118-6F29EBF717BC}"
EndProject
Project("{2150E333-8FDC-42A3-9474-1A3956D46DE8}") = "Greedy Algorithm", "Greedy Algorithm", "{FBD63D2E-13AD-4CFE-9E6C-400835ECE263}"
EndProject
Project("{2150E333-8FDC-42A3-9474-1A3956D46DE8}") = "Divid And Conquer Algorithm", "Divid And Conquer Algorithm", "{CBB6222F-D57E-40D0-92FF-19D6326322C5}"
EndProject
Project("{2150E333-8FDC-42A3-9474-1A3956D46DE8}") = "Dynamic Programming", "Dynamic Programming", "{3938231A-58EE-4039-8862-BD56A6B8E9A3}"
EndProject
Project("{9A19103F-16F7-4668-BE54-9A1E7A4F7556}") = "903ValidPermutationsForDISequence", "EffectiveArrangementOfDISequences\903ValidPermutationsForDISequence.csproj", "{32C69EFE-B336-4C61-8835-890310982EDC}"
EndProject
Project("{9A19103F-16F7-4668-BE54-9A1E7A4F7556}") = "4MedianOfTwoSortedArrays", "MedianOfTwoSortedArrays\4MedianOfTwoSortedArrays.csproj", "{F684C0FA-8280-4171-ACD0-AB155EF394AB}"
EndProject
Project("{9A19103F-16F7-4668-BE54-9A1E7A4F7556}") = "169MajorityElement", "MajorityElement\169MajorityElement.csproj", "{0D111DD8-C56A-4FDD-839B-CF954089EC7C}"
EndProject
Project("{9A19103F-16F7-4668-BE54-9A1E7A4F7556}") = "215KthLargestElementInAnArray", "KthLargestElementInAnArray\215KthLargestElementInAnArray.csproj", "{81BF69B8-7E60-4358-A037-75C911FEDFB6}"
EndProject
Project("{9A19103F-16F7-4668-BE54-9A1E7A4F7556}") = "240SearchA2DMatrixII", "SearchA2DMatrixII\240SearchA2DMatrixII.csproj", "{8551BE1F-1B2F-4AC5-AD4C-FFA71392AF28}"
EndProject
Project("{9A19103F-16F7-4668-BE54-9A1E7A4F7556}") = "241DifferentWaysToAddParentheses", "DifferentWaysToAddParentheses\241DifferentWaysToAddParentheses.csproj", "{7B795A11-AF04-4260-88F4-977109E281C2}"
EndProject
Project("{9A19103F-16F7-4668-BE54-9A1E7A4F7556}") = "973K Closest Points to Origin", "K Closest Points to Origin\973K Closest Points to Origin.csproj", "{F03A3C56-79D8-4A7B-B6A7-ECCCFDDB6752}"
EndProject
Project("{2150E333-8FDC-42A3-9474-1A3956D46DE8}") = "Sort", "Sort", "{67AC4B99-CF2B-44C1-A999-000BC0CA4FE3}"
EndProject
Project("{9A19103F-16F7-4668-BE54-9A1E7A4F7556}") = "853、Car Fleet", "853、Car Fleet\853、Car Fleet.csproj", "{7F254217-7FF0-4877-A1BA-584647DC64CA}"
EndProject
Project("{9A19103F-16F7-4668-BE54-9A1E7A4F7556}") = "179、LargestNumber", "179、LargestNumber\179、LargestNumber.csproj", "{4BB98503-C566-4E48-8303-D554A331825A}"
EndProject
Project("{9A19103F-16F7-4668-BE54-9A1E7A4F7556}") = "148、SortList", "148、SortList\148、SortList.csproj", "{4438CE50-BA25-4D6C-B999-EE9A831FFD67}"
EndProject
Project("{9A19103F-16F7-4668-BE54-9A1E7A4F7556}") = "56 MergeIntervals", "56 MergeIntervals\56 MergeIntervals.csproj", "{0A1FE1B7-7A98-4773-BC17-E7EB1A2B605D}"
EndProject
Project("{FAE04EC0-301F-11D3-BF4B-00C04F79EFBC}") = "327.CountOfRangeSum", "327.CountOfRangeSum\327.CountOfRangeSum.csproj", "{DB12F953-5142-4324-9487-49C2FE2B4057}"
EndProject
Global
	GlobalSection(SolutionConfigurationPlatforms) = preSolution
		Debug|Any CPU = Debug|Any CPU
		Debug|x86 = Debug|x86
		Release|Any CPU = Release|Any CPU
		Release|x86 = Release|x86
	EndGlobalSection
	GlobalSection(ProjectConfigurationPlatforms) = postSolution
		{826964DB-0E38-4332-9118-6F29EBF717BC}.Debug|Any CPU.ActiveCfg = Debug|Any CPU
		{826964DB-0E38-4332-9118-6F29EBF717BC}.Debug|Any CPU.Build.0 = Debug|Any CPU
		{826964DB-0E38-4332-9118-6F29EBF717BC}.Debug|x86.ActiveCfg = Debug|x86
		{826964DB-0E38-4332-9118-6F29EBF717BC}.Debug|x86.Build.0 = Debug|x86
		{826964DB-0E38-4332-9118-6F29EBF717BC}.Release|Any CPU.ActiveCfg = Release|Any CPU
		{826964DB-0E38-4332-9118-6F29EBF717BC}.Release|Any CPU.Build.0 = Release|Any CPU
		{826964DB-0E38-4332-9118-6F29EBF717BC}.Release|x86.ActiveCfg = Release|x86
		{826964DB-0E38-4332-9118-6F29EBF717BC}.Release|x86.Build.0 = Release|x86
		{32C69EFE-B336-4C61-8835-890310982EDC}.Debug|Any CPU.ActiveCfg = Debug|Any CPU
		{32C69EFE-B336-4C61-8835-890310982EDC}.Debug|Any CPU.Build.0 = Debug|Any CPU
		{32C69EFE-B336-4C61-8835-890310982EDC}.Debug|x86.ActiveCfg = Debug|x86
		{32C69EFE-B336-4C61-8835-890310982EDC}.Debug|x86.Build.0 = Debug|x86
		{32C69EFE-B336-4C61-8835-890310982EDC}.Release|Any CPU.ActiveCfg = Release|Any CPU
		{32C69EFE-B336-4C61-8835-890310982EDC}.Release|Any CPU.Build.0 = Release|Any CPU
		{32C69EFE-B336-4C61-8835-890310982EDC}.Release|x86.ActiveCfg = Release|x86
		{32C69EFE-B336-4C61-8835-890310982EDC}.Release|x86.Build.0 = Release|x86
		{F684C0FA-8280-4171-ACD0-AB155EF394AB}.Debug|Any CPU.ActiveCfg = Debug|Any CPU
		{F684C0FA-8280-4171-ACD0-AB155EF394AB}.Debug|Any CPU.Build.0 = Debug|Any CPU
		{F684C0FA-8280-4171-ACD0-AB155EF394AB}.Debug|x86.ActiveCfg = Debug|x86
		{F684C0FA-8280-4171-ACD0-AB155EF394AB}.Debug|x86.Build.0 = Debug|x86
		{F684C0FA-8280-4171-ACD0-AB155EF394AB}.Release|Any CPU.ActiveCfg = Release|Any CPU
		{F684C0FA-8280-4171-ACD0-AB155EF394AB}.Release|Any CPU.Build.0 = Release|Any CPU
		{F684C0FA-8280-4171-ACD0-AB155EF394AB}.Release|x86.ActiveCfg = Release|x86
		{F684C0FA-8280-4171-ACD0-AB155EF394AB}.Release|x86.Build.0 = Release|x86
		{0D111DD8-C56A-4FDD-839B-CF954089EC7C}.Debug|Any CPU.ActiveCfg = Debug|Any CPU
		{0D111DD8-C56A-4FDD-839B-CF954089EC7C}.Debug|Any CPU.Build.0 = Debug|Any CPU
		{0D111DD8-C56A-4FDD-839B-CF954089EC7C}.Debug|x86.ActiveCfg = Debug|x86
		{0D111DD8-C56A-4FDD-839B-CF954089EC7C}.Debug|x86.Build.0 = Debug|x86
		{0D111DD8-C56A-4FDD-839B-CF954089EC7C}.Release|Any CPU.ActiveCfg = Release|Any CPU
		{0D111DD8-C56A-4FDD-839B-CF954089EC7C}.Release|Any CPU.Build.0 = Release|Any CPU
		{0D111DD8-C56A-4FDD-839B-CF954089EC7C}.Release|x86.ActiveCfg = Release|x86
		{0D111DD8-C56A-4FDD-839B-CF954089EC7C}.Release|x86.Build.0 = Release|x86
		{81BF69B8-7E60-4358-A037-75C911FEDFB6}.Debug|Any CPU.ActiveCfg = Debug|Any CPU
		{81BF69B8-7E60-4358-A037-75C911FEDFB6}.Debug|Any CPU.Build.0 = Debug|Any CPU
		{81BF69B8-7E60-4358-A037-75C911FEDFB6}.Debug|x86.ActiveCfg = Debug|x86
		{81BF69B8-7E60-4358-A037-75C911FEDFB6}.Debug|x86.Build.0 = Debug|x86
		{81BF69B8-7E60-4358-A037-75C911FEDFB6}.Release|Any CPU.ActiveCfg = Release|Any CPU
		{81BF69B8-7E60-4358-A037-75C911FEDFB6}.Release|Any CPU.Build.0 = Release|Any CPU
		{81BF69B8-7E60-4358-A037-75C911FEDFB6}.Release|x86.ActiveCfg = Release|x86
		{81BF69B8-7E60-4358-A037-75C911FEDFB6}.Release|x86.Build.0 = Release|x86
		{8551BE1F-1B2F-4AC5-AD4C-FFA71392AF28}.Debug|Any CPU.ActiveCfg = Debug|Any CPU
		{8551BE1F-1B2F-4AC5-AD4C-FFA71392AF28}.Debug|Any CPU.Build.0 = Debug|Any CPU
		{8551BE1F-1B2F-4AC5-AD4C-FFA71392AF28}.Debug|x86.ActiveCfg = Debug|x86
		{8551BE1F-1B2F-4AC5-AD4C-FFA71392AF28}.Debug|x86.Build.0 = Debug|x86
		{8551BE1F-1B2F-4AC5-AD4C-FFA71392AF28}.Release|Any CPU.ActiveCfg = Release|Any CPU
		{8551BE1F-1B2F-4AC5-AD4C-FFA71392AF28}.Release|Any CPU.Build.0 = Release|Any CPU
		{8551BE1F-1B2F-4AC5-AD4C-FFA71392AF28}.Release|x86.ActiveCfg = Release|x86
		{8551BE1F-1B2F-4AC5-AD4C-FFA71392AF28}.Release|x86.Build.0 = Release|x86
		{7B795A11-AF04-4260-88F4-977109E281C2}.Debug|Any CPU.ActiveCfg = Debug|Any CPU
		{7B795A11-AF04-4260-88F4-977109E281C2}.Debug|Any CPU.Build.0 = Debug|Any CPU
		{7B795A11-AF04-4260-88F4-977109E281C2}.Debug|x86.ActiveCfg = Debug|Any CPU
		{7B795A11-AF04-4260-88F4-977109E281C2}.Debug|x86.Build.0 = Debug|Any CPU
		{7B795A11-AF04-4260-88F4-977109E281C2}.Release|Any CPU.ActiveCfg = Release|Any CPU
		{7B795A11-AF04-4260-88F4-977109E281C2}.Release|Any CPU.Build.0 = Release|Any CPU
		{7B795A11-AF04-4260-88F4-977109E281C2}.Release|x86.ActiveCfg = Release|Any CPU
		{7B795A11-AF04-4260-88F4-977109E281C2}.Release|x86.Build.0 = Release|Any CPU
		{F03A3C56-79D8-4A7B-B6A7-ECCCFDDB6752}.Debug|Any CPU.ActiveCfg = Debug|Any CPU
		{F03A3C56-79D8-4A7B-B6A7-ECCCFDDB6752}.Debug|Any CPU.Build.0 = Debug|Any CPU
		{F03A3C56-79D8-4A7B-B6A7-ECCCFDDB6752}.Debug|x86.ActiveCfg = Debug|Any CPU
		{F03A3C56-79D8-4A7B-B6A7-ECCCFDDB6752}.Debug|x86.Build.0 = Debug|Any CPU
		{F03A3C56-79D8-4A7B-B6A7-ECCCFDDB6752}.Release|Any CPU.ActiveCfg = Release|Any CPU
		{F03A3C56-79D8-4A7B-B6A7-ECCCFDDB6752}.Release|Any CPU.Build.0 = Release|Any CPU
		{F03A3C56-79D8-4A7B-B6A7-ECCCFDDB6752}.Release|x86.ActiveCfg = Release|Any CPU
		{F03A3C56-79D8-4A7B-B6A7-ECCCFDDB6752}.Release|x86.Build.0 = Release|Any CPU
		{7F254217-7FF0-4877-A1BA-584647DC64CA}.Debug|Any CPU.ActiveCfg = Debug|Any CPU
		{7F254217-7FF0-4877-A1BA-584647DC64CA}.Debug|Any CPU.Build.0 = Debug|Any CPU
		{7F254217-7FF0-4877-A1BA-584647DC64CA}.Debug|x86.ActiveCfg = Debug|Any CPU
		{7F254217-7FF0-4877-A1BA-584647DC64CA}.Debug|x86.Build.0 = Debug|Any CPU
		{7F254217-7FF0-4877-A1BA-584647DC64CA}.Release|Any CPU.ActiveCfg = Release|Any CPU
		{7F254217-7FF0-4877-A1BA-584647DC64CA}.Release|Any CPU.Build.0 = Release|Any CPU
		{7F254217-7FF0-4877-A1BA-584647DC64CA}.Release|x86.ActiveCfg = Release|Any CPU
		{7F254217-7FF0-4877-A1BA-584647DC64CA}.Release|x86.Build.0 = Release|Any CPU
		{4BB98503-C566-4E48-8303-D554A331825A}.Debug|Any CPU.ActiveCfg = Debug|Any CPU
		{4BB98503-C566-4E48-8303-D554A331825A}.Debug|Any CPU.Build.0 = Debug|Any CPU
		{4BB98503-C566-4E48-8303-D554A331825A}.Debug|x86.ActiveCfg = Debug|Any CPU
		{4BB98503-C566-4E48-8303-D554A331825A}.Debug|x86.Build.0 = Debug|Any CPU
		{4BB98503-C566-4E48-8303-D554A331825A}.Release|Any CPU.ActiveCfg = Release|Any CPU
		{4BB98503-C566-4E48-8303-D554A331825A}.Release|Any CPU.Build.0 = Release|Any CPU
		{4BB98503-C566-4E48-8303-D554A331825A}.Release|x86.ActiveCfg = Release|Any CPU
		{4BB98503-C566-4E48-8303-D554A331825A}.Release|x86.Build.0 = Release|Any CPU
		{4438CE50-BA25-4D6C-B999-EE9A831FFD67}.Debug|Any CPU.ActiveCfg = Debug|Any CPU
		{4438CE50-BA25-4D6C-B999-EE9A831FFD67}.Debug|Any CPU.Build.0 = Debug|Any CPU
		{4438CE50-BA25-4D6C-B999-EE9A831FFD67}.Debug|x86.ActiveCfg = Debug|Any CPU
		{4438CE50-BA25-4D6C-B999-EE9A831FFD67}.Debug|x86.Build.0 = Debug|Any CPU
		{4438CE50-BA25-4D6C-B999-EE9A831FFD67}.Release|Any CPU.ActiveCfg = Release|Any CPU
		{4438CE50-BA25-4D6C-B999-EE9A831FFD67}.Release|Any CPU.Build.0 = Release|Any CPU
		{4438CE50-BA25-4D6C-B999-EE9A831FFD67}.Release|x86.ActiveCfg = Release|Any CPU
		{4438CE50-BA25-4D6C-B999-EE9A831FFD67}.Release|x86.Build.0 = Release|Any CPU
		{0A1FE1B7-7A98-4773-BC17-E7EB1A2B605D}.Debug|Any CPU.ActiveCfg = Debug|Any CPU
		{0A1FE1B7-7A98-4773-BC17-E7EB1A2B605D}.Debug|Any CPU.Build.0 = Debug|Any CPU
		{0A1FE1B7-7A98-4773-BC17-E7EB1A2B605D}.Debug|x86.ActiveCfg = Debug|Any CPU
		{0A1FE1B7-7A98-4773-BC17-E7EB1A2B605D}.Debug|x86.Build.0 = Debug|Any CPU
		{0A1FE1B7-7A98-4773-BC17-E7EB1A2B605D}.Release|Any CPU.ActiveCfg = Release|Any CPU
		{0A1FE1B7-7A98-4773-BC17-E7EB1A2B605D}.Release|Any CPU.Build.0 = Release|Any CPU
		{0A1FE1B7-7A98-4773-BC17-E7EB1A2B605D}.Release|x86.ActiveCfg = Release|Any CPU
		{0A1FE1B7-7A98-4773-BC17-E7EB1A2B605D}.Release|x86.Build.0 = Release|Any CPU
		{DB12F953-5142-4324-9487-49C2FE2B4057}.Debug|Any CPU.ActiveCfg = Debug|Any CPU
		{DB12F953-5142-4324-9487-49C2FE2B4057}.Debug|Any CPU.Build.0 = Debug|Any CPU
		{DB12F953-5142-4324-9487-49C2FE2B4057}.Debug|x86.ActiveCfg = Debug|Any CPU
		{DB12F953-5142-4324-9487-49C2FE2B4057}.Debug|x86.Build.0 = Debug|Any CPU
		{DB12F953-5142-4324-9487-49C2FE2B4057}.Release|Any CPU.ActiveCfg = Release|Any CPU
		{DB12F953-5142-4324-9487-49C2FE2B4057}.Release|Any CPU.Build.0 = Release|Any CPU
		{DB12F953-5142-4324-9487-49C2FE2B4057}.Release|x86.ActiveCfg = Release|Any CPU
		{DB12F953-5142-4324-9487-49C2FE2B4057}.Release|x86.Build.0 = Release|Any CPU
	EndGlobalSection
	GlobalSection(SolutionProperties) = preSolution
		HideSolutionNode = FALSE
	EndGlobalSection
	GlobalSection(NestedProjects) = preSolution
		{32C69EFE-B336-4C61-8835-890310982EDC} = {CBB6222F-D57E-40D0-92FF-19D6326322C5}
		{F684C0FA-8280-4171-ACD0-AB155EF394AB} = {CBB6222F-D57E-40D0-92FF-19D6326322C5}
		{0D111DD8-C56A-4FDD-839B-CF954089EC7C} = {CBB6222F-D57E-40D0-92FF-19D6326322C5}
		{81BF69B8-7E60-4358-A037-75C911FEDFB6} = {CBB6222F-D57E-40D0-92FF-19D6326322C5}
		{8551BE1F-1B2F-4AC5-AD4C-FFA71392AF28} = {CBB6222F-D57E-40D0-92FF-19D6326322C5}
		{7B795A11-AF04-4260-88F4-977109E281C2} = {CBB6222F-D57E-40D0-92FF-19D6326322C5}
		{F03A3C56-79D8-4A7B-B6A7-ECCCFDDB6752} = {CBB6222F-D57E-40D0-92FF-19D6326322C5}
		{7F254217-7FF0-4877-A1BA-584647DC64CA} = {67AC4B99-CF2B-44C1-A999-000BC0CA4FE3}
		{4BB98503-C566-4E48-8303-D554A331825A} = {67AC4B99-CF2B-44C1-A999-000BC0CA4FE3}
		{4438CE50-BA25-4D6C-B999-EE9A831FFD67} = {67AC4B99-CF2B-44C1-A999-000BC0CA4FE3}
		{0A1FE1B7-7A98-4773-BC17-E7EB1A2B605D} = {67AC4B99-CF2B-44C1-A999-000BC0CA4FE3}
		{DB12F953-5142-4324-9487-49C2FE2B4057} = {67AC4B99-CF2B-44C1-A999-000BC0CA4FE3}
	EndGlobalSection
	GlobalSection(ExtensibilityGlobals) = postSolution
		SolutionGuid = {DE49ACD1-3EB4-48EB-A358-F31E03AF79D2}
	EndGlobalSection
EndGlobal
